
Microsoft Visual Studio Solution File, Format Version 12.00
# Visual Studio 15
VisualStudioVersion = 15.0.26124.0
MinimumVisualStudioVersion = 15.0.26124.0
Project("{FAE04EC0-301F-11D3-BF4B-00C04F79EFBC}") = "MeloMeloCdk", "infra\MeloMeloCdk.csproj", "{964B5491-E2B1-430D-97AE-6536FB3A9F22}"
EndProject
Project("{FAE04EC0-301F-11D3-BF4B-00C04F79EFBC}") = "Adapters", "api\Adapters\Adapters.csproj", "{C50E7D6E-5BA3-4E96-BB95-68872090F71A}"
EndProject
Project("{FAE04EC0-301F-11D3-BF4B-00C04F79EFBC}") = "Domain", "api\Domain\Domain.csproj", "{799D131F-2A83-4E02-9D61-E0E0436BF8BF}"
EndProject
Project("{FAE04EC0-301F-11D3-BF4B-00C04F79EFBC}") = "UpdateUserProfileLambda", "api\Lambda\UpdateUserProfileLambda\UpdateUserProfileLambda.csproj", "{8F9ADB1F-4914-427B-BC38-DE791D876D90}"
EndProject
Project("{FAE04EC0-301F-11D3-BF4B-00C04F79EFBC}") = "PostConfirmationLambda", "api\Lambda\PostConfirmationLambda\PostConfirmationLambda.csproj", "{374A83B9-90F2-4C36-A5F8-98F2FCBCF59C}"
EndProject
Project("{FAE04EC0-301F-11D3-BF4B-00C04F79EFBC}") = "Lambda.Shared", "api\Lambda\Lambda.Shared\Lambda.Shared.csproj", "{44B00332-B23B-4A8D-8434-4604143E2E61}"
EndProject
Project("{FAE04EC0-301F-11D3-BF4B-00C04F79EFBC}") = "IsFollowingUserLambda", "api\Lambda\IsFollowingUserLambda\IsFollowingUserLambda.csproj", "{64F66971-6FB6-481C-96BD-BB2E185CFB62}"
EndProject
Project("{FAE04EC0-301F-11D3-BF4B-00C04F79EFBC}") = "GetUserLambda", "api\Lambda\GetUserLambda\GetUserLambda.csproj", "{6FD147E0-514F-41C0-BDF5-5660507B1BFA}"
EndProject
Project("{FAE04EC0-301F-11D3-BF4B-00C04F79EFBC}") = "GetUserFollowingLambda", "api\Lambda\GetUserFollowingLambda\GetUserFollowingLambda.csproj", "{CDE8A1DE-3B59-4D42-AFA8-C4075AEB2EA5}"
EndProject
Project("{FAE04EC0-301F-11D3-BF4B-00C04F79EFBC}") = "GetUserFollowersLambda", "api\Lambda\GetUserFollowersLambda\GetUserFollowersLambda.csproj", "{CEF8BB37-F0EF-4465-939C-F68E7653696E}"
EndProject
Project("{FAE04EC0-301F-11D3-BF4B-00C04F79EFBC}") = "GetTracksSharedWithUserLambda", "api\Lambda\GetTracksSharedWithUserLambda\GetTracksSharedWithUserLambda.csproj", "{FF18DAE3-26CB-4735-8D5C-1DFCB0B65D6D}"
EndProject
Project("{FAE04EC0-301F-11D3-BF4B-00C04F79EFBC}") = "GetTracksSharedFromUserLambda", "api\Lambda\GetTracksSharedFromUserLambda\GetTracksSharedFromUserLambda.csproj", "{DB85A47A-305F-4D38-9CF8-482E1B42004F}"
EndProject
Project("{FAE04EC0-301F-11D3-BF4B-00C04F79EFBC}") = "GetTrackLambda", "api\Lambda\GetTrackLambda\GetTrackLambda.csproj", "{A1C90D66-31D5-462C-B7FB-C6689B3DE39D}"
EndProject
Project("{FAE04EC0-301F-11D3-BF4B-00C04F79EFBC}") = "FollowUserLambda", "api\Lambda\FollowUserLambda\FollowUserLambda.csproj", "{D54C5289-C6C5-4426-80CA-1C19089B6C0C}"
EndProject
Project("{FAE04EC0-301F-11D3-BF4B-00C04F79EFBC}") = "CheckEmailExistenceLambda", "api\Lambda\CheckEmailExistenceLambda\CheckEmailExistenceLambda.csproj", "{25E36EB3-4256-4E27-9CE6-925869565CAA}"
EndProject
Project("{FAE04EC0-301F-11D3-BF4B-00C04F79EFBC}") = "Ports", "api\Ports\Ports.csproj", "{AA251257-0144-484F-B013-4E948C70EBF9}"
EndProject
Project("{2150E333-8FDC-42A3-9474-1A3956D46DE8}") = "api", "api", "{D82C56D6-B2CD-F611-9E31-04638F7EC30E}"
EndProject
Project("{2150E333-8FDC-42A3-9474-1A3956D46DE8}") = "Lambda", "Lambda", "{87CA4567-379C-4F16-F229-F29BC9F8BBFA}"
EndProject
Project("{FAE04EC0-301F-11D3-BF4B-00C04F79EFBC}") = "GetDropboxPresignedUrlLambda", "api\Lambda\GetDropboxPresignedUrlLambda\GetDropboxPresignedUrlLambda.csproj", "{671CF077-263E-452D-8946-89472075AF5A}"
EndProject
Project("{FAE04EC0-301F-11D3-BF4B-00C04F79EFBC}") = "UploadTrackLambda", "api\Lambda\UploadTrackLambda\UploadTrackLambda.csproj", "{A2B3C4D5-E6F7-4901-A234-567890ABCDEF}"
EndProject
Project("{FAE04EC0-301F-11D3-BF4B-00C04F79EFBC}") = "ProcessTrackLambda", "api\Lambda\ProcessTrackLambda\ProcessTrackLambda.csproj", "{B3C4D5E6-F789-4123-B456-7890ABCDEF01}"
EndProject
Project("{FAE04EC0-301F-11D3-BF4B-00C04F79EFBC}") = "CreatePlaylistLambda", "api\Lambda\CreatePlaylistLambda\CreatePlaylistLambda.csproj", "{4A113709-DA9E-4843-B227-492B5CD051D2}"
EndProject
Project("{FAE04EC0-301F-11D3-BF4B-00C04F79EFBC}") = "GetPlaylistsLambda", "api\Lambda\GetPlaylistsLambda\GetPlaylistsLambda.csproj", "{66BF98C1-795C-4B4B-AC85-8EBFF6929149}"
EndProject
Project("{FAE04EC0-301F-11D3-BF4B-00C04F79EFBC}") = "GetPlaylistLambda", "api\Lambda\GetPlaylistLambda\GetPlaylistLambda.csproj", "{E07F71C0-35D9-4438-A8B3-7AF290ED24BE}"
EndProject
Project("{FAE04EC0-301F-11D3-BF4B-00C04F79EFBC}") = "UpdatePlaylistLambda", "api\Lambda\UpdatePlaylistLambda\UpdatePlaylistLambda.csproj", "{7CD36304-056D-4130-9066-18A0D7E59157}"
EndProject
Project("{FAE04EC0-301F-11D3-BF4B-00C04F79EFBC}") = "DeletePlaylistLambda", "api\Lambda\DeletePlaylistLambda\DeletePlaylistLambda.csproj", "{66B74367-621C-4993-836F-9151ED544F8C}"
EndProject
Project("{FAE04EC0-301F-11D3-BF4B-00C04F79EFBC}") = "ModifyPlaylistTracksLambda", "api\Lambda\ModifyPlaylistTracksLambda\ModifyPlaylistTracksLambda.csproj", "{B61EAF1A-5213-440B-A6E9-8FBE58395BF2}"
EndProject
Project("{FAE04EC0-301F-11D3-BF4B-00C04F79EFBC}") = "LikeTrackLambda", "api\Lambda\LikeTrackLambda\LikeTrackLambda.csproj", "{3A32C789-4673-48B9-81A7-AD158CFE39B2}"
EndProject
Project("{FAE04EC0-301F-11D3-BF4B-00C04F79EFBC}") = "GetTrackLikesLambda", "api\Lambda\GetTrackLikesLambda\GetTrackLikesLambda.csproj", "{824D2595-17AE-46FC-BC4B-044187139501}"
EndProject
Project("{FAE04EC0-301F-11D3-BF4B-00C04F79EFBC}") = "CreateAlbumLambda", "api\Lambda\CreateAlbumLambda\CreateAlbumLambda.csproj", "{D62AE40E-25FF-4BEB-B5CE-81324837ECDE}"
EndProject
Project("{FAE04EC0-301F-11D3-BF4B-00C04F79EFBC}") = "GetAlbumsLambda", "api\Lambda\GetAlbumsLambda\GetAlbumsLambda.csproj", "{F32A345F-C4AB-42B8-B3D9-17E188CF37E9}"
EndProject
Project("{FAE04EC0-301F-11D3-BF4B-00C04F79EFBC}") = "GetAlbumLambda", "api\Lambda\GetAlbumLambda\GetAlbumLambda.csproj", "{C7829888-CC8E-4844-9EF8-B5B498FBC0C3}"
EndProject
Project("{FAE04EC0-301F-11D3-BF4B-00C04F79EFBC}") = "UpdateAlbumLambda", "api\Lambda\UpdateAlbumLambda\UpdateAlbumLambda.csproj", "{7E48BC81-5C88-4A79-81E7-A2A298D606D4}"
EndProject
Project("{FAE04EC0-301F-11D3-BF4B-00C04F79EFBC}") = "DeleteAlbumLambda", "api\Lambda\DeleteAlbumLambda\DeleteAlbumLambda.csproj", "{02C6A414-9F70-4CE1-893D-A655E7C191B2}"
EndProject
Project("{FAE04EC0-301F-11D3-BF4B-00C04F79EFBC}") = "ModifyAlbumTracksLambda", "api\Lambda\ModifyAlbumTracksLambda\ModifyAlbumTracksLambda.csproj", "{C24D681E-AFBC-4A32-9B53-4CFB78096D60}"
EndProject
Project("{FAE04EC0-301F-11D3-BF4B-00C04F79EFBC}") = "ShareAlbumLambda", "api\Lambda\ShareAlbumLambda\ShareAlbumLambda.csproj", "{18F6090B-ACF6-4160-98FB-EF34A79645FB}"
EndProject
Project("{FAE04EC0-301F-11D3-BF4B-00C04F79EFBC}") = "GetAlbumsSharedWithMeLambda", "api\Lambda\GetAlbumsSharedWithMeLambda\GetAlbumsSharedWithMeLambda.csproj", "{7AEA906F-73FF-4798-AF89-D300A6EC5E5E}"
EndProject
Project("{FAE04EC0-301F-11D3-BF4B-00C04F79EFBC}") = "UpdateTrackLambda", "api\Lambda\UpdateTrackLambda\UpdateTrackLambda.csproj", "{ADB36FD4-0F5B-46C1-8E65-2339DD394817}"
EndProject
Project("{FAE04EC0-301F-11D3-BF4B-00C04F79EFBC}") = "ShareTrackLambda", "api\Lambda\ShareTrackLambda\ShareTrackLambda.csproj", "{88894229-3965-41E9-8EC8-247B6EF7D1B0}"
EndProject
Project("{FAE04EC0-301F-11D3-BF4B-00C04F79EFBC}") = "GetUploadStatusLambda", "api\Lambda\GetUploadStatusLambda\GetUploadStatusLambda.csproj", "{3C233356-E518-4584-BEB4-9EE72C70C38E}"
EndProject
Project("{FAE04EC0-301F-11D3-BF4B-00C04F79EFBC}") = "GetTrackSegmentsLambda", "api\Lambda\GetTrackSegmentsLambda\GetTrackSegmentsLambda.csproj", "{C9721663-C7B0-4758-8B94-3194E04D746D}"
EndProject
Project("{FAE04EC0-301F-11D3-BF4B-00C04F79EFBC}") = "DeleteTrackLambda", "api\Lambda\DeleteTrackLambda\DeleteTrackLambda.csproj", "{FB0466AD-401B-4249-976E-1AE75072AFC3}"
EndProject
Global
	GlobalSection(SolutionConfigurationPlatforms) = preSolution
		Debug|Any CPU = Debug|Any CPU
		Debug|x64 = Debug|x64
		Debug|x86 = Debug|x86
		Release|Any CPU = Release|Any CPU
		Release|x64 = Release|x64
		Release|x86 = Release|x86
	EndGlobalSection
	GlobalSection(ProjectConfigurationPlatforms) = postSolution
		{964B5491-E2B1-430D-97AE-6536FB3A9F22}.Debug|Any CPU.ActiveCfg = Debug|Any CPU
		{964B5491-E2B1-430D-97AE-6536FB3A9F22}.Debug|Any CPU.Build.0 = Debug|Any CPU
		{964B5491-E2B1-430D-97AE-6536FB3A9F22}.Debug|x64.ActiveCfg = Debug|Any CPU
		{964B5491-E2B1-430D-97AE-6536FB3A9F22}.Debug|x64.Build.0 = Debug|Any CPU
		{964B5491-E2B1-430D-97AE-6536FB3A9F22}.Debug|x86.ActiveCfg = Debug|Any CPU
		{964B5491-E2B1-430D-97AE-6536FB3A9F22}.Debug|x86.Build.0 = Debug|Any CPU
		{964B5491-E2B1-430D-97AE-6536FB3A9F22}.Release|Any CPU.ActiveCfg = Release|Any CPU
		{964B5491-E2B1-430D-97AE-6536FB3A9F22}.Release|Any CPU.Build.0 = Release|Any CPU
		{964B5491-E2B1-430D-97AE-6536FB3A9F22}.Release|x64.ActiveCfg = Release|Any CPU
		{964B5491-E2B1-430D-97AE-6536FB3A9F22}.Release|x64.Build.0 = Release|Any CPU
		{964B5491-E2B1-430D-97AE-6536FB3A9F22}.Release|x86.ActiveCfg = Release|Any CPU
		{964B5491-E2B1-430D-97AE-6536FB3A9F22}.Release|x86.Build.0 = Release|Any CPU
		{C50E7D6E-5BA3-4E96-BB95-68872090F71A}.Debug|Any CPU.ActiveCfg = Debug|Any CPU
		{C50E7D6E-5BA3-4E96-BB95-68872090F71A}.Debug|Any CPU.Build.0 = Debug|Any CPU
		{C50E7D6E-5BA3-4E96-BB95-68872090F71A}.Debug|x64.ActiveCfg = Debug|Any CPU
		{C50E7D6E-5BA3-4E96-BB95-68872090F71A}.Debug|x64.Build.0 = Debug|Any CPU
		{C50E7D6E-5BA3-4E96-BB95-68872090F71A}.Debug|x86.ActiveCfg = Debug|Any CPU
		{C50E7D6E-5BA3-4E96-BB95-68872090F71A}.Debug|x86.Build.0 = Debug|Any CPU
		{C50E7D6E-5BA3-4E96-BB95-68872090F71A}.Release|Any CPU.ActiveCfg = Release|Any CPU
		{C50E7D6E-5BA3-4E96-BB95-68872090F71A}.Release|Any CPU.Build.0 = Release|Any CPU
		{C50E7D6E-5BA3-4E96-BB95-68872090F71A}.Release|x64.ActiveCfg = Release|Any CPU
		{C50E7D6E-5BA3-4E96-BB95-68872090F71A}.Release|x64.Build.0 = Release|Any CPU
		{C50E7D6E-5BA3-4E96-BB95-68872090F71A}.Release|x86.ActiveCfg = Release|Any CPU
		{C50E7D6E-5BA3-4E96-BB95-68872090F71A}.Release|x86.Build.0 = Release|Any CPU
		{799D131F-2A83-4E02-9D61-E0E0436BF8BF}.Debug|Any CPU.ActiveCfg = Debug|Any CPU
		{799D131F-2A83-4E02-9D61-E0E0436BF8BF}.Debug|Any CPU.Build.0 = Debug|Any CPU
		{799D131F-2A83-4E02-9D61-E0E0436BF8BF}.Debug|x64.ActiveCfg = Debug|Any CPU
		{799D131F-2A83-4E02-9D61-E0E0436BF8BF}.Debug|x64.Build.0 = Debug|Any CPU
		{799D131F-2A83-4E02-9D61-E0E0436BF8BF}.Debug|x86.ActiveCfg = Debug|Any CPU
		{799D131F-2A83-4E02-9D61-E0E0436BF8BF}.Debug|x86.Build.0 = Debug|Any CPU
		{799D131F-2A83-4E02-9D61-E0E0436BF8BF}.Release|Any CPU.ActiveCfg = Release|Any CPU
		{799D131F-2A83-4E02-9D61-E0E0436BF8BF}.Release|Any CPU.Build.0 = Release|Any CPU
		{799D131F-2A83-4E02-9D61-E0E0436BF8BF}.Release|x64.ActiveCfg = Release|Any CPU
		{799D131F-2A83-4E02-9D61-E0E0436BF8BF}.Release|x64.Build.0 = Release|Any CPU
		{799D131F-2A83-4E02-9D61-E0E0436BF8BF}.Release|x86.ActiveCfg = Release|Any CPU
		{799D131F-2A83-4E02-9D61-E0E0436BF8BF}.Release|x86.Build.0 = Release|Any CPU
		{8F9ADB1F-4914-427B-BC38-DE791D876D90}.Debug|Any CPU.ActiveCfg = Debug|Any CPU
		{8F9ADB1F-4914-427B-BC38-DE791D876D90}.Debug|Any CPU.Build.0 = Debug|Any CPU
		{8F9ADB1F-4914-427B-BC38-DE791D876D90}.Debug|x64.ActiveCfg = Debug|Any CPU
		{8F9ADB1F-4914-427B-BC38-DE791D876D90}.Debug|x64.Build.0 = Debug|Any CPU
		{8F9ADB1F-4914-427B-BC38-DE791D876D90}.Debug|x86.ActiveCfg = Debug|Any CPU
		{8F9ADB1F-4914-427B-BC38-DE791D876D90}.Debug|x86.Build.0 = Debug|Any CPU
		{8F9ADB1F-4914-427B-BC38-DE791D876D90}.Release|Any CPU.ActiveCfg = Release|Any CPU
		{8F9ADB1F-4914-427B-BC38-DE791D876D90}.Release|Any CPU.Build.0 = Release|Any CPU
		{8F9ADB1F-4914-427B-BC38-DE791D876D90}.Release|x64.ActiveCfg = Release|Any CPU
		{8F9ADB1F-4914-427B-BC38-DE791D876D90}.Release|x64.Build.0 = Release|Any CPU
		{8F9ADB1F-4914-427B-BC38-DE791D876D90}.Release|x86.ActiveCfg = Release|Any CPU
		{8F9ADB1F-4914-427B-BC38-DE791D876D90}.Release|x86.Build.0 = Release|Any CPU
		{374A83B9-90F2-4C36-A5F8-98F2FCBCF59C}.Debug|Any CPU.ActiveCfg = Debug|Any CPU
		{374A83B9-90F2-4C36-A5F8-98F2FCBCF59C}.Debug|Any CPU.Build.0 = Debug|Any CPU
		{374A83B9-90F2-4C36-A5F8-98F2FCBCF59C}.Debug|x64.ActiveCfg = Debug|Any CPU
		{374A83B9-90F2-4C36-A5F8-98F2FCBCF59C}.Debug|x64.Build.0 = Debug|Any CPU
		{374A83B9-90F2-4C36-A5F8-98F2FCBCF59C}.Debug|x86.ActiveCfg = Debug|Any CPU
		{374A83B9-90F2-4C36-A5F8-98F2FCBCF59C}.Debug|x86.Build.0 = Debug|Any CPU
		{374A83B9-90F2-4C36-A5F8-98F2FCBCF59C}.Release|Any CPU.ActiveCfg = Release|Any CPU
		{374A83B9-90F2-4C36-A5F8-98F2FCBCF59C}.Release|Any CPU.Build.0 = Release|Any CPU
		{374A83B9-90F2-4C36-A5F8-98F2FCBCF59C}.Release|x64.ActiveCfg = Release|Any CPU
		{374A83B9-90F2-4C36-A5F8-98F2FCBCF59C}.Release|x64.Build.0 = Release|Any CPU
		{374A83B9-90F2-4C36-A5F8-98F2FCBCF59C}.Release|x86.ActiveCfg = Release|Any CPU
		{374A83B9-90F2-4C36-A5F8-98F2FCBCF59C}.Release|x86.Build.0 = Release|Any CPU
		{44B00332-B23B-4A8D-8434-4604143E2E61}.Debug|Any CPU.ActiveCfg = Debug|Any CPU
		{44B00332-B23B-4A8D-8434-4604143E2E61}.Debug|Any CPU.Build.0 = Debug|Any CPU
		{44B00332-B23B-4A8D-8434-4604143E2E61}.Debug|x64.ActiveCfg = Debug|Any CPU
		{44B00332-B23B-4A8D-8434-4604143E2E61}.Debug|x64.Build.0 = Debug|Any CPU
		{44B00332-B23B-4A8D-8434-4604143E2E61}.Debug|x86.ActiveCfg = Debug|Any CPU
		{44B00332-B23B-4A8D-8434-4604143E2E61}.Debug|x86.Build.0 = Debug|Any CPU
		{44B00332-B23B-4A8D-8434-4604143E2E61}.Release|Any CPU.ActiveCfg = Release|Any CPU
		{44B00332-B23B-4A8D-8434-4604143E2E61}.Release|Any CPU.Build.0 = Release|Any CPU
		{44B00332-B23B-4A8D-8434-4604143E2E61}.Release|x64.ActiveCfg = Release|Any CPU
		{44B00332-B23B-4A8D-8434-4604143E2E61}.Release|x64.Build.0 = Release|Any CPU
		{44B00332-B23B-4A8D-8434-4604143E2E61}.Release|x86.ActiveCfg = Release|Any CPU
		{44B00332-B23B-4A8D-8434-4604143E2E61}.Release|x86.Build.0 = Release|Any CPU
		{64F66971-6FB6-481C-96BD-BB2E185CFB62}.Debug|Any CPU.ActiveCfg = Debug|Any CPU
		{64F66971-6FB6-481C-96BD-BB2E185CFB62}.Debug|Any CPU.Build.0 = Debug|Any CPU
		{64F66971-6FB6-481C-96BD-BB2E185CFB62}.Debug|x64.ActiveCfg = Debug|Any CPU
		{64F66971-6FB6-481C-96BD-BB2E185CFB62}.Debug|x64.Build.0 = Debug|Any CPU
		{64F66971-6FB6-481C-96BD-BB2E185CFB62}.Debug|x86.ActiveCfg = Debug|Any CPU
		{64F66971-6FB6-481C-96BD-BB2E185CFB62}.Debug|x86.Build.0 = Debug|Any CPU
		{64F66971-6FB6-481C-96BD-BB2E185CFB62}.Release|Any CPU.ActiveCfg = Release|Any CPU
		{64F66971-6FB6-481C-96BD-BB2E185CFB62}.Release|Any CPU.Build.0 = Release|Any CPU
		{64F66971-6FB6-481C-96BD-BB2E185CFB62}.Release|x64.ActiveCfg = Release|Any CPU
		{64F66971-6FB6-481C-96BD-BB2E185CFB62}.Release|x64.Build.0 = Release|Any CPU
		{64F66971-6FB6-481C-96BD-BB2E185CFB62}.Release|x86.ActiveCfg = Release|Any CPU
		{64F66971-6FB6-481C-96BD-BB2E185CFB62}.Release|x86.Build.0 = Release|Any CPU
		{6FD147E0-514F-41C0-BDF5-5660507B1BFA}.Debug|Any CPU.ActiveCfg = Debug|Any CPU
		{6FD147E0-514F-41C0-BDF5-5660507B1BFA}.Debug|Any CPU.Build.0 = Debug|Any CPU
		{6FD147E0-514F-41C0-BDF5-5660507B1BFA}.Debug|x64.ActiveCfg = Debug|Any CPU
		{6FD147E0-514F-41C0-BDF5-5660507B1BFA}.Debug|x64.Build.0 = Debug|Any CPU
		{6FD147E0-514F-41C0-BDF5-5660507B1BFA}.Debug|x86.ActiveCfg = Debug|Any CPU
		{6FD147E0-514F-41C0-BDF5-5660507B1BFA}.Debug|x86.Build.0 = Debug|Any CPU
		{6FD147E0-514F-41C0-BDF5-5660507B1BFA}.Release|Any CPU.ActiveCfg = Release|Any CPU
		{6FD147E0-514F-41C0-BDF5-5660507B1BFA}.Release|Any CPU.Build.0 = Release|Any CPU
		{6FD147E0-514F-41C0-BDF5-5660507B1BFA}.Release|x64.ActiveCfg = Release|Any CPU
		{6FD147E0-514F-41C0-BDF5-5660507B1BFA}.Release|x64.Build.0 = Release|Any CPU
		{6FD147E0-514F-41C0-BDF5-5660507B1BFA}.Release|x86.ActiveCfg = Release|Any CPU
		{6FD147E0-514F-41C0-BDF5-5660507B1BFA}.Release|x86.Build.0 = Release|Any CPU
		{CDE8A1DE-3B59-4D42-AFA8-C4075AEB2EA5}.Debug|Any CPU.ActiveCfg = Debug|Any CPU
		{CDE8A1DE-3B59-4D42-AFA8-C4075AEB2EA5}.Debug|Any CPU.Build.0 = Debug|Any CPU
		{CDE8A1DE-3B59-4D42-AFA8-C4075AEB2EA5}.Debug|x64.ActiveCfg = Debug|Any CPU
		{CDE8A1DE-3B59-4D42-AFA8-C4075AEB2EA5}.Debug|x64.Build.0 = Debug|Any CPU
		{CDE8A1DE-3B59-4D42-AFA8-C4075AEB2EA5}.Debug|x86.ActiveCfg = Debug|Any CPU
		{CDE8A1DE-3B59-4D42-AFA8-C4075AEB2EA5}.Debug|x86.Build.0 = Debug|Any CPU
		{CDE8A1DE-3B59-4D42-AFA8-C4075AEB2EA5}.Release|Any CPU.ActiveCfg = Release|Any CPU
		{CDE8A1DE-3B59-4D42-AFA8-C4075AEB2EA5}.Release|Any CPU.Build.0 = Release|Any CPU
		{CDE8A1DE-3B59-4D42-AFA8-C4075AEB2EA5}.Release|x64.ActiveCfg = Release|Any CPU
		{CDE8A1DE-3B59-4D42-AFA8-C4075AEB2EA5}.Release|x64.Build.0 = Release|Any CPU
		{CDE8A1DE-3B59-4D42-AFA8-C4075AEB2EA5}.Release|x86.ActiveCfg = Release|Any CPU
		{CDE8A1DE-3B59-4D42-AFA8-C4075AEB2EA5}.Release|x86.Build.0 = Release|Any CPU
		{CEF8BB37-F0EF-4465-939C-F68E7653696E}.Debug|Any CPU.ActiveCfg = Debug|Any CPU
		{CEF8BB37-F0EF-4465-939C-F68E7653696E}.Debug|Any CPU.Build.0 = Debug|Any CPU
		{CEF8BB37-F0EF-4465-939C-F68E7653696E}.Debug|x64.ActiveCfg = Debug|Any CPU
		{CEF8BB37-F0EF-4465-939C-F68E7653696E}.Debug|x64.Build.0 = Debug|Any CPU
		{CEF8BB37-F0EF-4465-939C-F68E7653696E}.Debug|x86.ActiveCfg = Debug|Any CPU
		{CEF8BB37-F0EF-4465-939C-F68E7653696E}.Debug|x86.Build.0 = Debug|Any CPU
		{CEF8BB37-F0EF-4465-939C-F68E7653696E}.Release|Any CPU.ActiveCfg = Release|Any CPU
		{CEF8BB37-F0EF-4465-939C-F68E7653696E}.Release|Any CPU.Build.0 = Release|Any CPU
		{CEF8BB37-F0EF-4465-939C-F68E7653696E}.Release|x64.ActiveCfg = Release|Any CPU
		{CEF8BB37-F0EF-4465-939C-F68E7653696E}.Release|x64.Build.0 = Release|Any CPU
		{CEF8BB37-F0EF-4465-939C-F68E7653696E}.Release|x86.ActiveCfg = Release|Any CPU
		{CEF8BB37-F0EF-4465-939C-F68E7653696E}.Release|x86.Build.0 = Release|Any CPU
		{FF18DAE3-26CB-4735-8D5C-1DFCB0B65D6D}.Debug|Any CPU.ActiveCfg = Debug|Any CPU
		{FF18DAE3-26CB-4735-8D5C-1DFCB0B65D6D}.Debug|Any CPU.Build.0 = Debug|Any CPU
		{FF18DAE3-26CB-4735-8D5C-1DFCB0B65D6D}.Debug|x64.ActiveCfg = Debug|Any CPU
		{FF18DAE3-26CB-4735-8D5C-1DFCB0B65D6D}.Debug|x64.Build.0 = Debug|Any CPU
		{FF18DAE3-26CB-4735-8D5C-1DFCB0B65D6D}.Debug|x86.ActiveCfg = Debug|Any CPU
		{FF18DAE3-26CB-4735-8D5C-1DFCB0B65D6D}.Debug|x86.Build.0 = Debug|Any CPU
		{FF18DAE3-26CB-4735-8D5C-1DFCB0B65D6D}.Release|Any CPU.ActiveCfg = Release|Any CPU
		{FF18DAE3-26CB-4735-8D5C-1DFCB0B65D6D}.Release|Any CPU.Build.0 = Release|Any CPU
		{FF18DAE3-26CB-4735-8D5C-1DFCB0B65D6D}.Release|x64.ActiveCfg = Release|Any CPU
		{FF18DAE3-26CB-4735-8D5C-1DFCB0B65D6D}.Release|x64.Build.0 = Release|Any CPU
		{FF18DAE3-26CB-4735-8D5C-1DFCB0B65D6D}.Release|x86.ActiveCfg = Release|Any CPU
		{FF18DAE3-26CB-4735-8D5C-1DFCB0B65D6D}.Release|x86.Build.0 = Release|Any CPU
		{DB85A47A-305F-4D38-9CF8-482E1B42004F}.Debug|Any CPU.ActiveCfg = Debug|Any CPU
		{DB85A47A-305F-4D38-9CF8-482E1B42004F}.Debug|Any CPU.Build.0 = Debug|Any CPU
		{DB85A47A-305F-4D38-9CF8-482E1B42004F}.Debug|x64.ActiveCfg = Debug|Any CPU
		{DB85A47A-305F-4D38-9CF8-482E1B42004F}.Debug|x64.Build.0 = Debug|Any CPU
		{DB85A47A-305F-4D38-9CF8-482E1B42004F}.Debug|x86.ActiveCfg = Debug|Any CPU
		{DB85A47A-305F-4D38-9CF8-482E1B42004F}.Debug|x86.Build.0 = Debug|Any CPU
		{DB85A47A-305F-4D38-9CF8-482E1B42004F}.Release|Any CPU.ActiveCfg = Release|Any CPU
		{DB85A47A-305F-4D38-9CF8-482E1B42004F}.Release|Any CPU.Build.0 = Release|Any CPU
		{DB85A47A-305F-4D38-9CF8-482E1B42004F}.Release|x64.ActiveCfg = Release|Any CPU
		{DB85A47A-305F-4D38-9CF8-482E1B42004F}.Release|x64.Build.0 = Release|Any CPU
		{DB85A47A-305F-4D38-9CF8-482E1B42004F}.Release|x86.ActiveCfg = Release|Any CPU
		{DB85A47A-305F-4D38-9CF8-482E1B42004F}.Release|x86.Build.0 = Release|Any CPU
		{A1C90D66-31D5-462C-B7FB-C6689B3DE39D}.Debug|Any CPU.ActiveCfg = Debug|Any CPU
		{A1C90D66-31D5-462C-B7FB-C6689B3DE39D}.Debug|Any CPU.Build.0 = Debug|Any CPU
		{A1C90D66-31D5-462C-B7FB-C6689B3DE39D}.Debug|x64.ActiveCfg = Debug|Any CPU
		{A1C90D66-31D5-462C-B7FB-C6689B3DE39D}.Debug|x64.Build.0 = Debug|Any CPU
		{A1C90D66-31D5-462C-B7FB-C6689B3DE39D}.Debug|x86.ActiveCfg = Debug|Any CPU
		{A1C90D66-31D5-462C-B7FB-C6689B3DE39D}.Debug|x86.Build.0 = Debug|Any CPU
		{A1C90D66-31D5-462C-B7FB-C6689B3DE39D}.Release|Any CPU.ActiveCfg = Release|Any CPU
		{A1C90D66-31D5-462C-B7FB-C6689B3DE39D}.Release|Any CPU.Build.0 = Release|Any CPU
		{A1C90D66-31D5-462C-B7FB-C6689B3DE39D}.Release|x64.ActiveCfg = Release|Any CPU
		{A1C90D66-31D5-462C-B7FB-C6689B3DE39D}.Release|x64.Build.0 = Release|Any CPU
		{A1C90D66-31D5-462C-B7FB-C6689B3DE39D}.Release|x86.ActiveCfg = Release|Any CPU
		{A1C90D66-31D5-462C-B7FB-C6689B3DE39D}.Release|x86.Build.0 = Release|Any CPU
		{D54C5289-C6C5-4426-80CA-1C19089B6C0C}.Debug|Any CPU.ActiveCfg = Debug|Any CPU
		{D54C5289-C6C5-4426-80CA-1C19089B6C0C}.Debug|Any CPU.Build.0 = Debug|Any CPU
		{D54C5289-C6C5-4426-80CA-1C19089B6C0C}.Debug|x64.ActiveCfg = Debug|Any CPU
		{D54C5289-C6C5-4426-80CA-1C19089B6C0C}.Debug|x64.Build.0 = Debug|Any CPU
		{D54C5289-C6C5-4426-80CA-1C19089B6C0C}.Debug|x86.ActiveCfg = Debug|Any CPU
		{D54C5289-C6C5-4426-80CA-1C19089B6C0C}.Debug|x86.Build.0 = Debug|Any CPU
		{D54C5289-C6C5-4426-80CA-1C19089B6C0C}.Release|Any CPU.ActiveCfg = Release|Any CPU
		{D54C5289-C6C5-4426-80CA-1C19089B6C0C}.Release|Any CPU.Build.0 = Release|Any CPU
		{D54C5289-C6C5-4426-80CA-1C19089B6C0C}.Release|x64.ActiveCfg = Release|Any CPU
		{D54C5289-C6C5-4426-80CA-1C19089B6C0C}.Release|x64.Build.0 = Release|Any CPU
		{D54C5289-C6C5-4426-80CA-1C19089B6C0C}.Release|x86.ActiveCfg = Release|Any CPU
		{D54C5289-C6C5-4426-80CA-1C19089B6C0C}.Release|x86.Build.0 = Release|Any CPU
		{25E36EB3-4256-4E27-9CE6-925869565CAA}.Debug|Any CPU.ActiveCfg = Debug|Any CPU
		{25E36EB3-4256-4E27-9CE6-925869565CAA}.Debug|Any CPU.Build.0 = Debug|Any CPU
		{25E36EB3-4256-4E27-9CE6-925869565CAA}.Debug|x64.ActiveCfg = Debug|Any CPU
		{25E36EB3-4256-4E27-9CE6-925869565CAA}.Debug|x64.Build.0 = Debug|Any CPU
		{25E36EB3-4256-4E27-9CE6-925869565CAA}.Debug|x86.ActiveCfg = Debug|Any CPU
		{25E36EB3-4256-4E27-9CE6-925869565CAA}.Debug|x86.Build.0 = Debug|Any CPU
		{25E36EB3-4256-4E27-9CE6-925869565CAA}.Release|Any CPU.ActiveCfg = Release|Any CPU
		{25E36EB3-4256-4E27-9CE6-925869565CAA}.Release|Any CPU.Build.0 = Release|Any CPU
		{25E36EB3-4256-4E27-9CE6-925869565CAA}.Release|x64.ActiveCfg = Release|Any CPU
		{25E36EB3-4256-4E27-9CE6-925869565CAA}.Release|x64.Build.0 = Release|Any CPU
		{25E36EB3-4256-4E27-9CE6-925869565CAA}.Release|x86.ActiveCfg = Release|Any CPU
		{25E36EB3-4256-4E27-9CE6-925869565CAA}.Release|x86.Build.0 = Release|Any CPU
		{AA251257-0144-484F-B013-4E948C70EBF9}.Debug|Any CPU.ActiveCfg = Debug|Any CPU
		{AA251257-0144-484F-B013-4E948C70EBF9}.Debug|Any CPU.Build.0 = Debug|Any CPU
		{AA251257-0144-484F-B013-4E948C70EBF9}.Debug|x64.ActiveCfg = Debug|Any CPU
		{AA251257-0144-484F-B013-4E948C70EBF9}.Debug|x64.Build.0 = Debug|Any CPU
		{AA251257-0144-484F-B013-4E948C70EBF9}.Debug|x86.ActiveCfg = Debug|Any CPU
		{AA251257-0144-484F-B013-4E948C70EBF9}.Debug|x86.Build.0 = Debug|Any CPU
		{AA251257-0144-484F-B013-4E948C70EBF9}.Release|Any CPU.ActiveCfg = Release|Any CPU
		{AA251257-0144-484F-B013-4E948C70EBF9}.Release|Any CPU.Build.0 = Release|Any CPU
		{AA251257-0144-484F-B013-4E948C70EBF9}.Release|x64.ActiveCfg = Release|Any CPU
		{AA251257-0144-484F-B013-4E948C70EBF9}.Release|x64.Build.0 = Release|Any CPU
		{AA251257-0144-484F-B013-4E948C70EBF9}.Release|x86.ActiveCfg = Release|Any CPU
		{AA251257-0144-484F-B013-4E948C70EBF9}.Release|x86.Build.0 = Release|Any CPU
		{671CF077-263E-452D-8946-89472075AF5A}.Debug|Any CPU.ActiveCfg = Debug|Any CPU
		{671CF077-263E-452D-8946-89472075AF5A}.Debug|Any CPU.Build.0 = Debug|Any CPU
		{671CF077-263E-452D-8946-89472075AF5A}.Debug|x64.ActiveCfg = Debug|Any CPU
		{671CF077-263E-452D-8946-89472075AF5A}.Debug|x64.Build.0 = Debug|Any CPU
		{671CF077-263E-452D-8946-89472075AF5A}.Debug|x86.ActiveCfg = Debug|Any CPU
		{671CF077-263E-452D-8946-89472075AF5A}.Debug|x86.Build.0 = Debug|Any CPU
		{671CF077-263E-452D-8946-89472075AF5A}.Release|Any CPU.ActiveCfg = Release|Any CPU
		{671CF077-263E-452D-8946-89472075AF5A}.Release|Any CPU.Build.0 = Release|Any CPU
		{671CF077-263E-452D-8946-89472075AF5A}.Release|x64.ActiveCfg = Release|Any CPU
		{671CF077-263E-452D-8946-89472075AF5A}.Release|x64.Build.0 = Release|Any CPU
		{671CF077-263E-452D-8946-89472075AF5A}.Release|x86.ActiveCfg = Release|Any CPU
		{671CF077-263E-452D-8946-89472075AF5A}.Release|x86.Build.0 = Release|Any CPU
		{A2B3C4D5-E6F7-4901-A234-567890ABCDEF}.Debug|Any CPU.ActiveCfg = Debug|Any CPU
		{A2B3C4D5-E6F7-4901-A234-567890ABCDEF}.Debug|Any CPU.Build.0 = Debug|Any CPU
		{A2B3C4D5-E6F7-4901-A234-567890ABCDEF}.Debug|x64.ActiveCfg = Debug|Any CPU
		{A2B3C4D5-E6F7-4901-A234-567890ABCDEF}.Debug|x64.Build.0 = Debug|Any CPU
		{A2B3C4D5-E6F7-4901-A234-567890ABCDEF}.Debug|x86.ActiveCfg = Debug|Any CPU
		{A2B3C4D5-E6F7-4901-A234-567890ABCDEF}.Debug|x86.Build.0 = Debug|Any CPU
		{A2B3C4D5-E6F7-4901-A234-567890ABCDEF}.Release|Any CPU.ActiveCfg = Release|Any CPU
		{A2B3C4D5-E6F7-4901-A234-567890ABCDEF}.Release|Any CPU.Build.0 = Release|Any CPU
		{A2B3C4D5-E6F7-4901-A234-567890ABCDEF}.Release|x64.ActiveCfg = Release|Any CPU
		{A2B3C4D5-E6F7-4901-A234-567890ABCDEF}.Release|x64.Build.0 = Release|Any CPU
		{A2B3C4D5-E6F7-4901-A234-567890ABCDEF}.Release|x86.ActiveCfg = Release|Any CPU
		{A2B3C4D5-E6F7-4901-A234-567890ABCDEF}.Release|x86.Build.0 = Release|Any CPU
		{B3C4D5E6-F789-4123-B456-7890ABCDEF01}.Debug|Any CPU.ActiveCfg = Debug|Any CPU
		{B3C4D5E6-F789-4123-B456-7890ABCDEF01}.Debug|Any CPU.Build.0 = Debug|Any CPU
		{B3C4D5E6-F789-4123-B456-7890ABCDEF01}.Debug|x64.ActiveCfg = Debug|Any CPU
		{B3C4D5E6-F789-4123-B456-7890ABCDEF01}.Debug|x64.Build.0 = Debug|Any CPU
		{B3C4D5E6-F789-4123-B456-7890ABCDEF01}.Debug|x86.ActiveCfg = Debug|Any CPU
		{B3C4D5E6-F789-4123-B456-7890ABCDEF01}.Debug|x86.Build.0 = Debug|Any CPU
		{B3C4D5E6-F789-4123-B456-7890ABCDEF01}.Release|Any CPU.ActiveCfg = Release|Any CPU
		{B3C4D5E6-F789-4123-B456-7890ABCDEF01}.Release|Any CPU.Build.0 = Release|Any CPU
		{B3C4D5E6-F789-4123-B456-7890ABCDEF01}.Release|x64.ActiveCfg = Release|Any CPU
		{B3C4D5E6-F789-4123-B456-7890ABCDEF01}.Release|x64.Build.0 = Release|Any CPU
		{B3C4D5E6-F789-4123-B456-7890ABCDEF01}.Release|x86.ActiveCfg = Release|Any CPU
		{B3C4D5E6-F789-4123-B456-7890ABCDEF01}.Release|x86.Build.0 = Release|Any CPU
		{4A113709-DA9E-4843-B227-492B5CD051D2}.Debug|Any CPU.ActiveCfg = Debug|Any CPU
		{4A113709-DA9E-4843-B227-492B5CD051D2}.Debug|Any CPU.Build.0 = Debug|Any CPU
		{4A113709-DA9E-4843-B227-492B5CD051D2}.Debug|x64.ActiveCfg = Debug|Any CPU
		{4A113709-DA9E-4843-B227-492B5CD051D2}.Debug|x64.Build.0 = Debug|Any CPU
		{4A113709-DA9E-4843-B227-492B5CD051D2}.Debug|x86.ActiveCfg = Debug|Any CPU
		{4A113709-DA9E-4843-B227-492B5CD051D2}.Debug|x86.Build.0 = Debug|Any CPU
		{4A113709-DA9E-4843-B227-492B5CD051D2}.Release|Any CPU.ActiveCfg = Release|Any CPU
		{4A113709-DA9E-4843-B227-492B5CD051D2}.Release|Any CPU.Build.0 = Release|Any CPU
		{4A113709-DA9E-4843-B227-492B5CD051D2}.Release|x64.ActiveCfg = Release|Any CPU
		{4A113709-DA9E-4843-B227-492B5CD051D2}.Release|x64.Build.0 = Release|Any CPU
		{4A113709-DA9E-4843-B227-492B5CD051D2}.Release|x86.ActiveCfg = Release|Any CPU
		{4A113709-DA9E-4843-B227-492B5CD051D2}.Release|x86.Build.0 = Release|Any CPU
		{66BF98C1-795C-4B4B-AC85-8EBFF6929149}.Debug|Any CPU.ActiveCfg = Debug|Any CPU
		{66BF98C1-795C-4B4B-AC85-8EBFF6929149}.Debug|Any CPU.Build.0 = Debug|Any CPU
		{66BF98C1-795C-4B4B-AC85-8EBFF6929149}.Debug|x64.ActiveCfg = Debug|Any CPU
		{66BF98C1-795C-4B4B-AC85-8EBFF6929149}.Debug|x64.Build.0 = Debug|Any CPU
		{66BF98C1-795C-4B4B-AC85-8EBFF6929149}.Debug|x86.ActiveCfg = Debug|Any CPU
		{66BF98C1-795C-4B4B-AC85-8EBFF6929149}.Debug|x86.Build.0 = Debug|Any CPU
		{66BF98C1-795C-4B4B-AC85-8EBFF6929149}.Release|Any CPU.ActiveCfg = Release|Any CPU
		{66BF98C1-795C-4B4B-AC85-8EBFF6929149}.Release|Any CPU.Build.0 = Release|Any CPU
		{66BF98C1-795C-4B4B-AC85-8EBFF6929149}.Release|x64.ActiveCfg = Release|Any CPU
		{66BF98C1-795C-4B4B-AC85-8EBFF6929149}.Release|x64.Build.0 = Release|Any CPU
		{66BF98C1-795C-4B4B-AC85-8EBFF6929149}.Release|x86.ActiveCfg = Release|Any CPU
		{66BF98C1-795C-4B4B-AC85-8EBFF6929149}.Release|x86.Build.0 = Release|Any CPU
		{E07F71C0-35D9-4438-A8B3-7AF290ED24BE}.Debug|Any CPU.ActiveCfg = Debug|Any CPU
		{E07F71C0-35D9-4438-A8B3-7AF290ED24BE}.Debug|Any CPU.Build.0 = Debug|Any CPU
		{E07F71C0-35D9-4438-A8B3-7AF290ED24BE}.Debug|x64.ActiveCfg = Debug|Any CPU
		{E07F71C0-35D9-4438-A8B3-7AF290ED24BE}.Debug|x64.Build.0 = Debug|Any CPU
		{E07F71C0-35D9-4438-A8B3-7AF290ED24BE}.Debug|x86.ActiveCfg = Debug|Any CPU
		{E07F71C0-35D9-4438-A8B3-7AF290ED24BE}.Debug|x86.Build.0 = Debug|Any CPU
		{E07F71C0-35D9-4438-A8B3-7AF290ED24BE}.Release|Any CPU.ActiveCfg = Release|Any CPU
		{E07F71C0-35D9-4438-A8B3-7AF290ED24BE}.Release|Any CPU.Build.0 = Release|Any CPU
		{E07F71C0-35D9-4438-A8B3-7AF290ED24BE}.Release|x64.ActiveCfg = Release|Any CPU
		{E07F71C0-35D9-4438-A8B3-7AF290ED24BE}.Release|x64.Build.0 = Release|Any CPU
		{E07F71C0-35D9-4438-A8B3-7AF290ED24BE}.Release|x86.ActiveCfg = Release|Any CPU
		{E07F71C0-35D9-4438-A8B3-7AF290ED24BE}.Release|x86.Build.0 = Release|Any CPU
		{7CD36304-056D-4130-9066-18A0D7E59157}.Debug|Any CPU.ActiveCfg = Debug|Any CPU
		{7CD36304-056D-4130-9066-18A0D7E59157}.Debug|Any CPU.Build.0 = Debug|Any CPU
		{7CD36304-056D-4130-9066-18A0D7E59157}.Debug|x64.ActiveCfg = Debug|Any CPU
		{7CD36304-056D-4130-9066-18A0D7E59157}.Debug|x64.Build.0 = Debug|Any CPU
		{7CD36304-056D-4130-9066-18A0D7E59157}.Debug|x86.ActiveCfg = Debug|Any CPU
		{7CD36304-056D-4130-9066-18A0D7E59157}.Debug|x86.Build.0 = Debug|Any CPU
		{7CD36304-056D-4130-9066-18A0D7E59157}.Release|Any CPU.ActiveCfg = Release|Any CPU
		{7CD36304-056D-4130-9066-18A0D7E59157}.Release|Any CPU.Build.0 = Release|Any CPU
		{7CD36304-056D-4130-9066-18A0D7E59157}.Release|x64.ActiveCfg = Release|Any CPU
		{7CD36304-056D-4130-9066-18A0D7E59157}.Release|x64.Build.0 = Release|Any CPU
		{7CD36304-056D-4130-9066-18A0D7E59157}.Release|x86.ActiveCfg = Release|Any CPU
		{7CD36304-056D-4130-9066-18A0D7E59157}.Release|x86.Build.0 = Release|Any CPU
		{66B74367-621C-4993-836F-9151ED544F8C}.Debug|Any CPU.ActiveCfg = Debug|Any CPU
		{66B74367-621C-4993-836F-9151ED544F8C}.Debug|Any CPU.Build.0 = Debug|Any CPU
		{66B74367-621C-4993-836F-9151ED544F8C}.Debug|x64.ActiveCfg = Debug|Any CPU
		{66B74367-621C-4993-836F-9151ED544F8C}.Debug|x64.Build.0 = Debug|Any CPU
		{66B74367-621C-4993-836F-9151ED544F8C}.Debug|x86.ActiveCfg = Debug|Any CPU
		{66B74367-621C-4993-836F-9151ED544F8C}.Debug|x86.Build.0 = Debug|Any CPU
		{66B74367-621C-4993-836F-9151ED544F8C}.Release|Any CPU.ActiveCfg = Release|Any CPU
		{66B74367-621C-4993-836F-9151ED544F8C}.Release|Any CPU.Build.0 = Release|Any CPU
		{66B74367-621C-4993-836F-9151ED544F8C}.Release|x64.ActiveCfg = Release|Any CPU
		{66B74367-621C-4993-836F-9151ED544F8C}.Release|x64.Build.0 = Release|Any CPU
		{66B74367-621C-4993-836F-9151ED544F8C}.Release|x86.ActiveCfg = Release|Any CPU
		{66B74367-621C-4993-836F-9151ED544F8C}.Release|x86.Build.0 = Release|Any CPU
		{B61EAF1A-5213-440B-A6E9-8FBE58395BF2}.Debug|Any CPU.ActiveCfg = Debug|Any CPU
		{B61EAF1A-5213-440B-A6E9-8FBE58395BF2}.Debug|Any CPU.Build.0 = Debug|Any CPU
		{B61EAF1A-5213-440B-A6E9-8FBE58395BF2}.Debug|x64.ActiveCfg = Debug|Any CPU
		{B61EAF1A-5213-440B-A6E9-8FBE58395BF2}.Debug|x64.Build.0 = Debug|Any CPU
		{B61EAF1A-5213-440B-A6E9-8FBE58395BF2}.Debug|x86.ActiveCfg = Debug|Any CPU
		{B61EAF1A-5213-440B-A6E9-8FBE58395BF2}.Debug|x86.Build.0 = Debug|Any CPU
		{B61EAF1A-5213-440B-A6E9-8FBE58395BF2}.Release|Any CPU.ActiveCfg = Release|Any CPU
		{B61EAF1A-5213-440B-A6E9-8FBE58395BF2}.Release|Any CPU.Build.0 = Release|Any CPU
		{B61EAF1A-5213-440B-A6E9-8FBE58395BF2}.Release|x64.ActiveCfg = Release|Any CPU
		{B61EAF1A-5213-440B-A6E9-8FBE58395BF2}.Release|x64.Build.0 = Release|Any CPU
		{B61EAF1A-5213-440B-A6E9-8FBE58395BF2}.Release|x86.ActiveCfg = Release|Any CPU
		{B61EAF1A-5213-440B-A6E9-8FBE58395BF2}.Release|x86.Build.0 = Release|Any CPU
		{3A32C789-4673-48B9-81A7-AD158CFE39B2}.Debug|Any CPU.ActiveCfg = Debug|Any CPU
		{3A32C789-4673-48B9-81A7-AD158CFE39B2}.Debug|Any CPU.Build.0 = Debug|Any CPU
		{3A32C789-4673-48B9-81A7-AD158CFE39B2}.Debug|x64.ActiveCfg = Debug|Any CPU
		{3A32C789-4673-48B9-81A7-AD158CFE39B2}.Debug|x64.Build.0 = Debug|Any CPU
		{3A32C789-4673-48B9-81A7-AD158CFE39B2}.Debug|x86.ActiveCfg = Debug|Any CPU
		{3A32C789-4673-48B9-81A7-AD158CFE39B2}.Debug|x86.Build.0 = Debug|Any CPU
		{3A32C789-4673-48B9-81A7-AD158CFE39B2}.Release|Any CPU.ActiveCfg = Release|Any CPU
		{3A32C789-4673-48B9-81A7-AD158CFE39B2}.Release|Any CPU.Build.0 = Release|Any CPU
		{3A32C789-4673-48B9-81A7-AD158CFE39B2}.Release|x64.ActiveCfg = Release|Any CPU
		{3A32C789-4673-48B9-81A7-AD158CFE39B2}.Release|x64.Build.0 = Release|Any CPU
		{3A32C789-4673-48B9-81A7-AD158CFE39B2}.Release|x86.ActiveCfg = Release|Any CPU
		{3A32C789-4673-48B9-81A7-AD158CFE39B2}.Release|x86.Build.0 = Release|Any CPU
		{824D2595-17AE-46FC-BC4B-044187139501}.Debug|Any CPU.ActiveCfg = Debug|Any CPU
		{824D2595-17AE-46FC-BC4B-044187139501}.Debug|Any CPU.Build.0 = Debug|Any CPU
		{824D2595-17AE-46FC-BC4B-044187139501}.Debug|x64.ActiveCfg = Debug|Any CPU
		{824D2595-17AE-46FC-BC4B-044187139501}.Debug|x64.Build.0 = Debug|Any CPU
		{824D2595-17AE-46FC-BC4B-044187139501}.Debug|x86.ActiveCfg = Debug|Any CPU
		{824D2595-17AE-46FC-BC4B-044187139501}.Debug|x86.Build.0 = Debug|Any CPU
		{824D2595-17AE-46FC-BC4B-044187139501}.Release|Any CPU.ActiveCfg = Release|Any CPU
		{824D2595-17AE-46FC-BC4B-044187139501}.Release|Any CPU.Build.0 = Release|Any CPU
		{824D2595-17AE-46FC-BC4B-044187139501}.Release|x64.ActiveCfg = Release|Any CPU
		{824D2595-17AE-46FC-BC4B-044187139501}.Release|x64.Build.0 = Release|Any CPU
		{824D2595-17AE-46FC-BC4B-044187139501}.Release|x86.ActiveCfg = Release|Any CPU
		{824D2595-17AE-46FC-BC4B-044187139501}.Release|x86.Build.0 = Release|Any CPU
		{D62AE40E-25FF-4BEB-B5CE-81324837ECDE}.Debug|Any CPU.ActiveCfg = Debug|Any CPU
		{D62AE40E-25FF-4BEB-B5CE-81324837ECDE}.Debug|Any CPU.Build.0 = Debug|Any CPU
		{D62AE40E-25FF-4BEB-B5CE-81324837ECDE}.Debug|x64.ActiveCfg = Debug|Any CPU
		{D62AE40E-25FF-4BEB-B5CE-81324837ECDE}.Debug|x64.Build.0 = Debug|Any CPU
		{D62AE40E-25FF-4BEB-B5CE-81324837ECDE}.Debug|x86.ActiveCfg = Debug|Any CPU
		{D62AE40E-25FF-4BEB-B5CE-81324837ECDE}.Debug|x86.Build.0 = Debug|Any CPU
		{D62AE40E-25FF-4BEB-B5CE-81324837ECDE}.Release|Any CPU.ActiveCfg = Release|Any CPU
		{D62AE40E-25FF-4BEB-B5CE-81324837ECDE}.Release|Any CPU.Build.0 = Release|Any CPU
		{D62AE40E-25FF-4BEB-B5CE-81324837ECDE}.Release|x64.ActiveCfg = Release|Any CPU
		{D62AE40E-25FF-4BEB-B5CE-81324837ECDE}.Release|x64.Build.0 = Release|Any CPU
		{D62AE40E-25FF-4BEB-B5CE-81324837ECDE}.Release|x86.ActiveCfg = Release|Any CPU
		{D62AE40E-25FF-4BEB-B5CE-81324837ECDE}.Release|x86.Build.0 = Release|Any CPU
		{F32A345F-C4AB-42B8-B3D9-17E188CF37E9}.Debug|Any CPU.ActiveCfg = Debug|Any CPU
		{F32A345F-C4AB-42B8-B3D9-17E188CF37E9}.Debug|Any CPU.Build.0 = Debug|Any CPU
		{F32A345F-C4AB-42B8-B3D9-17E188CF37E9}.Debug|x64.ActiveCfg = Debug|Any CPU
		{F32A345F-C4AB-42B8-B3D9-17E188CF37E9}.Debug|x64.Build.0 = Debug|Any CPU
		{F32A345F-C4AB-42B8-B3D9-17E188CF37E9}.Debug|x86.ActiveCfg = Debug|Any CPU
		{F32A345F-C4AB-42B8-B3D9-17E188CF37E9}.Debug|x86.Build.0 = Debug|Any CPU
		{F32A345F-C4AB-42B8-B3D9-17E188CF37E9}.Release|Any CPU.ActiveCfg = Release|Any CPU
		{F32A345F-C4AB-42B8-B3D9-17E188CF37E9}.Release|Any CPU.Build.0 = Release|Any CPU
		{F32A345F-C4AB-42B8-B3D9-17E188CF37E9}.Release|x64.ActiveCfg = Release|Any CPU
		{F32A345F-C4AB-42B8-B3D9-17E188CF37E9}.Release|x64.Build.0 = Release|Any CPU
		{F32A345F-C4AB-42B8-B3D9-17E188CF37E9}.Release|x86.ActiveCfg = Release|Any CPU
		{F32A345F-C4AB-42B8-B3D9-17E188CF37E9}.Release|x86.Build.0 = Release|Any CPU
		{C7829888-CC8E-4844-9EF8-B5B498FBC0C3}.Debug|Any CPU.ActiveCfg = Debug|Any CPU
		{C7829888-CC8E-4844-9EF8-B5B498FBC0C3}.Debug|Any CPU.Build.0 = Debug|Any CPU
		{C7829888-CC8E-4844-9EF8-B5B498FBC0C3}.Debug|x64.ActiveCfg = Debug|Any CPU
		{C7829888-CC8E-4844-9EF8-B5B498FBC0C3}.Debug|x64.Build.0 = Debug|Any CPU
		{C7829888-CC8E-4844-9EF8-B5B498FBC0C3}.Debug|x86.ActiveCfg = Debug|Any CPU
		{C7829888-CC8E-4844-9EF8-B5B498FBC0C3}.Debug|x86.Build.0 = Debug|Any CPU
		{C7829888-CC8E-4844-9EF8-B5B498FBC0C3}.Release|Any CPU.ActiveCfg = Release|Any CPU
		{C7829888-CC8E-4844-9EF8-B5B498FBC0C3}.Release|Any CPU.Build.0 = Release|Any CPU
		{C7829888-CC8E-4844-9EF8-B5B498FBC0C3}.Release|x64.ActiveCfg = Release|Any CPU
		{C7829888-CC8E-4844-9EF8-B5B498FBC0C3}.Release|x64.Build.0 = Release|Any CPU
		{C7829888-CC8E-4844-9EF8-B5B498FBC0C3}.Release|x86.ActiveCfg = Release|Any CPU
		{C7829888-CC8E-4844-9EF8-B5B498FBC0C3}.Release|x86.Build.0 = Release|Any CPU
		{7E48BC81-5C88-4A79-81E7-A2A298D606D4}.Debug|Any CPU.ActiveCfg = Debug|Any CPU
		{7E48BC81-5C88-4A79-81E7-A2A298D606D4}.Debug|Any CPU.Build.0 = Debug|Any CPU
		{7E48BC81-5C88-4A79-81E7-A2A298D606D4}.Debug|x64.ActiveCfg = Debug|Any CPU
		{7E48BC81-5C88-4A79-81E7-A2A298D606D4}.Debug|x64.Build.0 = Debug|Any CPU
		{7E48BC81-5C88-4A79-81E7-A2A298D606D4}.Debug|x86.ActiveCfg = Debug|Any CPU
		{7E48BC81-5C88-4A79-81E7-A2A298D606D4}.Debug|x86.Build.0 = Debug|Any CPU
		{7E48BC81-5C88-4A79-81E7-A2A298D606D4}.Release|Any CPU.ActiveCfg = Release|Any CPU
		{7E48BC81-5C88-4A79-81E7-A2A298D606D4}.Release|Any CPU.Build.0 = Release|Any CPU
		{7E48BC81-5C88-4A79-81E7-A2A298D606D4}.Release|x64.ActiveCfg = Release|Any CPU
		{7E48BC81-5C88-4A79-81E7-A2A298D606D4}.Release|x64.Build.0 = Release|Any CPU
		{7E48BC81-5C88-4A79-81E7-A2A298D606D4}.Release|x86.ActiveCfg = Release|Any CPU
		{7E48BC81-5C88-4A79-81E7-A2A298D606D4}.Release|x86.Build.0 = Release|Any CPU
		{02C6A414-9F70-4CE1-893D-A655E7C191B2}.Debug|Any CPU.ActiveCfg = Debug|Any CPU
		{02C6A414-9F70-4CE1-893D-A655E7C191B2}.Debug|Any CPU.Build.0 = Debug|Any CPU
		{02C6A414-9F70-4CE1-893D-A655E7C191B2}.Debug|x64.ActiveCfg = Debug|Any CPU
		{02C6A414-9F70-4CE1-893D-A655E7C191B2}.Debug|x64.Build.0 = Debug|Any CPU
		{02C6A414-9F70-4CE1-893D-A655E7C191B2}.Debug|x86.ActiveCfg = Debug|Any CPU
		{02C6A414-9F70-4CE1-893D-A655E7C191B2}.Debug|x86.Build.0 = Debug|Any CPU
		{02C6A414-9F70-4CE1-893D-A655E7C191B2}.Release|Any CPU.ActiveCfg = Release|Any CPU
		{02C6A414-9F70-4CE1-893D-A655E7C191B2}.Release|Any CPU.Build.0 = Release|Any CPU
		{02C6A414-9F70-4CE1-893D-A655E7C191B2}.Release|x64.ActiveCfg = Release|Any CPU
		{02C6A414-9F70-4CE1-893D-A655E7C191B2}.Release|x64.Build.0 = Release|Any CPU
		{02C6A414-9F70-4CE1-893D-A655E7C191B2}.Release|x86.ActiveCfg = Release|Any CPU
		{02C6A414-9F70-4CE1-893D-A655E7C191B2}.Release|x86.Build.0 = Release|Any CPU
		{C24D681E-AFBC-4A32-9B53-4CFB78096D60}.Debug|Any CPU.ActiveCfg = Debug|Any CPU
		{C24D681E-AFBC-4A32-9B53-4CFB78096D60}.Debug|Any CPU.Build.0 = Debug|Any CPU
		{C24D681E-AFBC-4A32-9B53-4CFB78096D60}.Debug|x64.ActiveCfg = Debug|Any CPU
		{C24D681E-AFBC-4A32-9B53-4CFB78096D60}.Debug|x64.Build.0 = Debug|Any CPU
		{C24D681E-AFBC-4A32-9B53-4CFB78096D60}.Debug|x86.ActiveCfg = Debug|Any CPU
		{C24D681E-AFBC-4A32-9B53-4CFB78096D60}.Debug|x86.Build.0 = Debug|Any CPU
		{C24D681E-AFBC-4A32-9B53-4CFB78096D60}.Release|Any CPU.ActiveCfg = Release|Any CPU
		{C24D681E-AFBC-4A32-9B53-4CFB78096D60}.Release|Any CPU.Build.0 = Release|Any CPU
		{C24D681E-AFBC-4A32-9B53-4CFB78096D60}.Release|x64.ActiveCfg = Release|Any CPU
		{C24D681E-AFBC-4A32-9B53-4CFB78096D60}.Release|x64.Build.0 = Release|Any CPU
		{C24D681E-AFBC-4A32-9B53-4CFB78096D60}.Release|x86.ActiveCfg = Release|Any CPU
		{C24D681E-AFBC-4A32-9B53-4CFB78096D60}.Release|x86.Build.0 = Release|Any CPU
		{18F6090B-ACF6-4160-98FB-EF34A79645FB}.Debug|Any CPU.ActiveCfg = Debug|Any CPU
		{18F6090B-ACF6-4160-98FB-EF34A79645FB}.Debug|Any CPU.Build.0 = Debug|Any CPU
		{18F6090B-ACF6-4160-98FB-EF34A79645FB}.Debug|x64.ActiveCfg = Debug|Any CPU
		{18F6090B-ACF6-4160-98FB-EF34A79645FB}.Debug|x64.Build.0 = Debug|Any CPU
		{18F6090B-ACF6-4160-98FB-EF34A79645FB}.Debug|x86.ActiveCfg = Debug|Any CPU
		{18F6090B-ACF6-4160-98FB-EF34A79645FB}.Debug|x86.Build.0 = Debug|Any CPU
		{18F6090B-ACF6-4160-98FB-EF34A79645FB}.Release|Any CPU.ActiveCfg = Release|Any CPU
		{18F6090B-ACF6-4160-98FB-EF34A79645FB}.Release|Any CPU.Build.0 = Release|Any CPU
		{18F6090B-ACF6-4160-98FB-EF34A79645FB}.Release|x64.ActiveCfg = Release|Any CPU
		{18F6090B-ACF6-4160-98FB-EF34A79645FB}.Release|x64.Build.0 = Release|Any CPU
		{18F6090B-ACF6-4160-98FB-EF34A79645FB}.Release|x86.ActiveCfg = Release|Any CPU
		{18F6090B-ACF6-4160-98FB-EF34A79645FB}.Release|x86.Build.0 = Release|Any CPU
		{7AEA906F-73FF-4798-AF89-D300A6EC5E5E}.Debug|Any CPU.ActiveCfg = Debug|Any CPU
		{7AEA906F-73FF-4798-AF89-D300A6EC5E5E}.Debug|Any CPU.Build.0 = Debug|Any CPU
		{7AEA906F-73FF-4798-AF89-D300A6EC5E5E}.Debug|x64.ActiveCfg = Debug|Any CPU
		{7AEA906F-73FF-4798-AF89-D300A6EC5E5E}.Debug|x64.Build.0 = Debug|Any CPU
		{7AEA906F-73FF-4798-AF89-D300A6EC5E5E}.Debug|x86.ActiveCfg = Debug|Any CPU
		{7AEA906F-73FF-4798-AF89-D300A6EC5E5E}.Debug|x86.Build.0 = Debug|Any CPU
		{7AEA906F-73FF-4798-AF89-D300A6EC5E5E}.Release|Any CPU.ActiveCfg = Release|Any CPU
		{7AEA906F-73FF-4798-AF89-D300A6EC5E5E}.Release|Any CPU.Build.0 = Release|Any CPU
		{7AEA906F-73FF-4798-AF89-D300A6EC5E5E}.Release|x64.ActiveCfg = Release|Any CPU
		{7AEA906F-73FF-4798-AF89-D300A6EC5E5E}.Release|x64.Build.0 = Release|Any CPU
		{7AEA906F-73FF-4798-AF89-D300A6EC5E5E}.Release|x86.ActiveCfg = Release|Any CPU
		{7AEA906F-73FF-4798-AF89-D300A6EC5E5E}.Release|x86.Build.0 = Release|Any CPU
		{ADB36FD4-0F5B-46C1-8E65-2339DD394817}.Debug|Any CPU.ActiveCfg = Debug|Any CPU
		{ADB36FD4-0F5B-46C1-8E65-2339DD394817}.Debug|Any CPU.Build.0 = Debug|Any CPU
		{ADB36FD4-0F5B-46C1-8E65-2339DD394817}.Debug|x64.ActiveCfg = Debug|Any CPU
		{ADB36FD4-0F5B-46C1-8E65-2339DD394817}.Debug|x64.Build.0 = Debug|Any CPU
		{ADB36FD4-0F5B-46C1-8E65-2339DD394817}.Debug|x86.ActiveCfg = Debug|Any CPU
		{ADB36FD4-0F5B-46C1-8E65-2339DD394817}.Debug|x86.Build.0 = Debug|Any CPU
		{ADB36FD4-0F5B-46C1-8E65-2339DD394817}.Release|Any CPU.ActiveCfg = Release|Any CPU
		{ADB36FD4-0F5B-46C1-8E65-2339DD394817}.Release|Any CPU.Build.0 = Release|Any CPU
		{ADB36FD4-0F5B-46C1-8E65-2339DD394817}.Release|x64.ActiveCfg = Release|Any CPU
		{ADB36FD4-0F5B-46C1-8E65-2339DD394817}.Release|x64.Build.0 = Release|Any CPU
		{ADB36FD4-0F5B-46C1-8E65-2339DD394817}.Release|x86.ActiveCfg = Release|Any CPU
		{ADB36FD4-0F5B-46C1-8E65-2339DD394817}.Release|x86.Build.0 = Release|Any CPU
		{88894229-3965-41E9-8EC8-247B6EF7D1B0}.Debug|Any CPU.ActiveCfg = Debug|Any CPU
		{88894229-3965-41E9-8EC8-247B6EF7D1B0}.Debug|Any CPU.Build.0 = Debug|Any CPU
		{88894229-3965-41E9-8EC8-247B6EF7D1B0}.Debug|x64.ActiveCfg = Debug|Any CPU
		{88894229-3965-41E9-8EC8-247B6EF7D1B0}.Debug|x64.Build.0 = Debug|Any CPU
		{88894229-3965-41E9-8EC8-247B6EF7D1B0}.Debug|x86.ActiveCfg = Debug|Any CPU
		{88894229-3965-41E9-8EC8-247B6EF7D1B0}.Debug|x86.Build.0 = Debug|Any CPU
		{88894229-3965-41E9-8EC8-247B6EF7D1B0}.Release|Any CPU.ActiveCfg = Release|Any CPU
		{88894229-3965-41E9-8EC8-247B6EF7D1B0}.Release|Any CPU.Build.0 = Release|Any CPU
		{88894229-3965-41E9-8EC8-247B6EF7D1B0}.Release|x64.ActiveCfg = Release|Any CPU
		{88894229-3965-41E9-8EC8-247B6EF7D1B0}.Release|x64.Build.0 = Release|Any CPU
		{88894229-3965-41E9-8EC8-247B6EF7D1B0}.Release|x86.ActiveCfg = Release|Any CPU
		{88894229-3965-41E9-8EC8-247B6EF7D1B0}.Release|x86.Build.0 = Release|Any CPU
		{3C233356-E518-4584-BEB4-9EE72C70C38E}.Debug|Any CPU.ActiveCfg = Debug|Any CPU
		{3C233356-E518-4584-BEB4-9EE72C70C38E}.Debug|Any CPU.Build.0 = Debug|Any CPU
		{3C233356-E518-4584-BEB4-9EE72C70C38E}.Debug|x64.ActiveCfg = Debug|Any CPU
		{3C233356-E518-4584-BEB4-9EE72C70C38E}.Debug|x64.Build.0 = Debug|Any CPU
		{3C233356-E518-4584-BEB4-9EE72C70C38E}.Debug|x86.ActiveCfg = Debug|Any CPU
		{3C233356-E518-4584-BEB4-9EE72C70C38E}.Debug|x86.Build.0 = Debug|Any CPU
		{3C233356-E518-4584-BEB4-9EE72C70C38E}.Release|Any CPU.ActiveCfg = Release|Any CPU
		{3C233356-E518-4584-BEB4-9EE72C70C38E}.Release|Any CPU.Build.0 = Release|Any CPU
		{3C233356-E518-4584-BEB4-9EE72C70C38E}.Release|x64.ActiveCfg = Release|Any CPU
		{3C233356-E518-4584-BEB4-9EE72C70C38E}.Release|x64.Build.0 = Release|Any CPU
		{3C233356-E518-4584-BEB4-9EE72C70C38E}.Release|x86.ActiveCfg = Release|Any CPU
		{3C233356-E518-4584-BEB4-9EE72C70C38E}.Release|x86.Build.0 = Release|Any CPU
		{C9721663-C7B0-4758-8B94-3194E04D746D}.Debug|Any CPU.ActiveCfg = Debug|Any CPU
		{C9721663-C7B0-4758-8B94-3194E04D746D}.Debug|Any CPU.Build.0 = Debug|Any CPU
		{C9721663-C7B0-4758-8B94-3194E04D746D}.Debug|x64.ActiveCfg = Debug|Any CPU
		{C9721663-C7B0-4758-8B94-3194E04D746D}.Debug|x64.Build.0 = Debug|Any CPU
		{C9721663-C7B0-4758-8B94-3194E04D746D}.Debug|x86.ActiveCfg = Debug|Any CPU
		{C9721663-C7B0-4758-8B94-3194E04D746D}.Debug|x86.Build.0 = Debug|Any CPU
		{C9721663-C7B0-4758-8B94-3194E04D746D}.Release|Any CPU.ActiveCfg = Release|Any CPU
		{C9721663-C7B0-4758-8B94-3194E04D746D}.Release|Any CPU.Build.0 = Release|Any CPU
		{C9721663-C7B0-4758-8B94-3194E04D746D}.Release|x64.ActiveCfg = Release|Any CPU
		{C9721663-C7B0-4758-8B94-3194E04D746D}.Release|x64.Build.0 = Release|Any CPU
		{C9721663-C7B0-4758-8B94-3194E04D746D}.Release|x86.ActiveCfg = Release|Any CPU
		{C9721663-C7B0-4758-8B94-3194E04D746D}.Release|x86.Build.0 = Release|Any CPU
		{FB0466AD-401B-4249-976E-1AE75072AFC3}.Debug|Any CPU.ActiveCfg = Debug|Any CPU
		{FB0466AD-401B-4249-976E-1AE75072AFC3}.Debug|Any CPU.Build.0 = Debug|Any CPU
		{FB0466AD-401B-4249-976E-1AE75072AFC3}.Debug|x64.ActiveCfg = Debug|Any CPU
		{FB0466AD-401B-4249-976E-1AE75072AFC3}.Debug|x64.Build.0 = Debug|Any CPU
		{FB0466AD-401B-4249-976E-1AE75072AFC3}.Debug|x86.ActiveCfg = Debug|Any CPU
		{FB0466AD-401B-4249-976E-1AE75072AFC3}.Debug|x86.Build.0 = Debug|Any CPU
		{FB0466AD-401B-4249-976E-1AE75072AFC3}.Release|Any CPU.ActiveCfg = Release|Any CPU
		{FB0466AD-401B-4249-976E-1AE75072AFC3}.Release|Any CPU.Build.0 = Release|Any CPU
		{FB0466AD-401B-4249-976E-1AE75072AFC3}.Release|x64.ActiveCfg = Release|Any CPU
		{FB0466AD-401B-4249-976E-1AE75072AFC3}.Release|x64.Build.0 = Release|Any CPU
		{FB0466AD-401B-4249-976E-1AE75072AFC3}.Release|x86.ActiveCfg = Release|Any CPU
		{FB0466AD-401B-4249-976E-1AE75072AFC3}.Release|x86.Build.0 = Release|Any CPU
	EndGlobalSection
	GlobalSection(SolutionProperties) = preSolution
		HideSolutionNode = FALSE
	EndGlobalSection
	GlobalSection(NestedProjects) = preSolution
		{87CA4567-379C-4F16-F229-F29BC9F8BBFA} = {D82C56D6-B2CD-F611-9E31-04638F7EC30E}
		{671CF077-263E-452D-8946-89472075AF5A} = {87CA4567-379C-4F16-F229-F29BC9F8BBFA}
		{A2B3C4D5-E6F7-4901-A234-567890ABCDEF} = {87CA4567-379C-4F16-F229-F29BC9F8BBFA}
		{B3C4D5E6-F789-4123-B456-7890ABCDEF01} = {87CA4567-379C-4F16-F229-F29BC9F8BBFA}
		{4A113709-DA9E-4843-B227-492B5CD051D2} = {87CA4567-379C-4F16-F229-F29BC9F8BBFA}
		{66BF98C1-795C-4B4B-AC85-8EBFF6929149} = {87CA4567-379C-4F16-F229-F29BC9F8BBFA}
		{E07F71C0-35D9-4438-A8B3-7AF290ED24BE} = {87CA4567-379C-4F16-F229-F29BC9F8BBFA}
		{7CD36304-056D-4130-9066-18A0D7E59157} = {87CA4567-379C-4F16-F229-F29BC9F8BBFA}
		{66B74367-621C-4993-836F-9151ED544F8C} = {87CA4567-379C-4F16-F229-F29BC9F8BBFA}
		{B61EAF1A-5213-440B-A6E9-8FBE58395BF2} = {87CA4567-379C-4F16-F229-F29BC9F8BBFA}
		{3A32C789-4673-48B9-81A7-AD158CFE39B2} = {87CA4567-379C-4F16-F229-F29BC9F8BBFA}
		{824D2595-17AE-46FC-BC4B-044187139501} = {87CA4567-379C-4F16-F229-F29BC9F8BBFA}
		{D62AE40E-25FF-4BEB-B5CE-81324837ECDE} = {87CA4567-379C-4F16-F229-F29BC9F8BBFA}
		{F32A345F-C4AB-42B8-B3D9-17E188CF37E9} = {87CA4567-379C-4F16-F229-F29BC9F8BBFA}
		{C7829888-CC8E-4844-9EF8-B5B498FBC0C3} = {87CA4567-379C-4F16-F229-F29BC9F8BBFA}
		{7E48BC81-5C88-4A79-81E7-A2A298D606D4} = {87CA4567-379C-4F16-F229-F29BC9F8BBFA}
		{02C6A414-9F70-4CE1-893D-A655E7C191B2} = {87CA4567-379C-4F16-F229-F29BC9F8BBFA}
		{C24D681E-AFBC-4A32-9B53-4CFB78096D60} = {87CA4567-379C-4F16-F229-F29BC9F8BBFA}
		{18F6090B-ACF6-4160-98FB-EF34A79645FB} = {87CA4567-379C-4F16-F229-F29BC9F8BBFA}
		{7AEA906F-73FF-4798-AF89-D300A6EC5E5E} = {87CA4567-379C-4F16-F229-F29BC9F8BBFA}
		{ADB36FD4-0F5B-46C1-8E65-2339DD394817} = {87CA4567-379C-4F16-F229-F29BC9F8BBFA}
		{88894229-3965-41E9-8EC8-247B6EF7D1B0} = {87CA4567-379C-4F16-F229-F29BC9F8BBFA}
		{3C233356-E518-4584-BEB4-9EE72C70C38E} = {87CA4567-379C-4F16-F229-F29BC9F8BBFA}
		{C9721663-C7B0-4758-8B94-3194E04D746D} = {87CA4567-379C-4F16-F229-F29BC9F8BBFA}
		{FB0466AD-401B-4249-976E-1AE75072AFC3} = {87CA4567-379C-4F16-F229-F29BC9F8BBFA}
	EndGlobalSection
EndGlobal
