
Microsoft Visual Studio Solution File, Format Version 12.00
# Visual Studio 15
VisualStudioVersion = 15.0.26124.0
MinimumVisualStudioVersion = 15.0.26124.0
Project("{FAE04EC0-301F-11D3-BF4B-00C04F79EFBC}") = "MeloMeloCdk", "MeloMeloCdk\MeloMeloCdk.csproj", "{964B5491-E2B1-430D-97AE-6536FB3A9F22}"
EndProject
Project("{FAE04EC0-301F-11D3-BF4B-00C04F79EFBC}") = "Adapters", "Adapters\Adapters.csproj", "{C50E7D6E-5BA3-4E96-BB95-68872090F71A}"
EndProject
Project("{FAE04EC0-301F-11D3-BF4B-00C04F79EFBC}") = "Domain", "Domain\Domain.csproj", "{799D131F-2A83-4E02-9D61-E0E0436BF8BF}"
EndProject
Project("{FAE04EC0-301F-11D3-BF4B-00C04F79EFBC}") = "UpdateUserProfileLambda", "Lambda\UpdateUserProfileLambda\UpdateUserProfileLambda.csproj", "{8F9ADB1F-4914-427B-BC38-DE791D876D90}"
EndProject
Project("{FAE04EC0-301F-11D3-BF4B-00C04F79EFBC}") = "PostConfirmationLambda", "Lambda\PostConfirmationLambda\PostConfirmationLambda.csproj", "{374A83B9-90F2-4C36-A5F8-98F2FCBCF59C}"
EndProject
Project("{FAE04EC0-301F-11D3-BF4B-00C04F79EFBC}") = "Lambda.Shared", "Lambda\Lambda.Shared\Lambda.Shared.csproj", "{44B00332-B23B-4A8D-8434-4604143E2E61}"
EndProject
Project("{FAE04EC0-301F-11D3-BF4B-00C04F79EFBC}") = "IsFollowingUserLambda", "Lambda\IsFollowingUserLambda\IsFollowingUserLambda.csproj", "{64F66971-6FB6-481C-96BD-BB2E185CFB62}"
EndProject
Project("{FAE04EC0-301F-11D3-BF4B-00C04F79EFBC}") = "GetUserLambda", "Lambda\GetUserLambda\GetUserLambda.csproj", "{6FD147E0-514F-41C0-BDF5-5660507B1BFA}"
EndProject
Project("{FAE04EC0-301F-11D3-BF4B-00C04F79EFBC}") = "GetUserFollowingLambda", "Lambda\GetUserFollowingLambda\GetUserFollowingLambda.csproj", "{CDE8A1DE-3B59-4D42-AFA8-C4075AEB2EA5}"
EndProject
Project("{FAE04EC0-301F-11D3-BF4B-00C04F79EFBC}") = "GetUserFollowersLambda", "Lambda\GetUserFollowersLambda\GetUserFollowersLambda.csproj", "{CEF8BB37-F0EF-4465-939C-F68E7653696E}"
EndProject
Project("{FAE04EC0-301F-11D3-BF4B-00C04F79EFBC}") = "GetTracksSharedWithUserLambda", "Lambda\GetTracksSharedWithUserLambda\GetTracksSharedWithUserLambda.csproj", "{FF18DAE3-26CB-4735-8D5C-1DFCB0B65D6D}"
EndProject
Project("{FAE04EC0-301F-11D3-BF4B-00C04F79EFBC}") = "GetTracksSharedFromUserLambda", "Lambda\GetTracksSharedFromUserLambda\GetTracksSharedFromUserLambda.csproj", "{DB85A47A-305F-4D38-9CF8-482E1B42004F}"
EndProject
Project("{FAE04EC0-301F-11D3-BF4B-00C04F79EFBC}") = "GetTrackLambda", "Lambda\GetTrackLambda\GetTrackLambda.csproj", "{A1C90D66-31D5-462C-B7FB-C6689B3DE39D}"
EndProject
Project("{FAE04EC0-301F-11D3-BF4B-00C04F79EFBC}") = "FollowUserLambda", "Lambda\FollowUserLambda\FollowUserLambda.csproj", "{D54C5289-C6C5-4426-80CA-1C19089B6C0C}"
EndProject
Project("{FAE04EC0-301F-11D3-BF4B-00C04F79EFBC}") = "CheckEmailExistenceLambda", "Lambda\CheckEmailExistenceLambda\CheckEmailExistenceLambda.csproj", "{25E36EB3-4256-4E27-9CE6-925869565CAA}"
EndProject
Project("{FAE04EC0-301F-11D3-BF4B-00C04F79EFBC}") = "Ports", "Ports\Ports.csproj", "{AA251257-0144-484F-B013-4E948C70EBF9}"
EndProject
Global
	GlobalSection(SolutionConfigurationPlatforms) = preSolution
		Debug|Any CPU = Debug|Any CPU
		Debug|x64 = Debug|x64
		Debug|x86 = Debug|x86
		Release|Any CPU = Release|Any CPU
		Release|x64 = Release|x64
		Release|x86 = Release|x86
	EndGlobalSection
	GlobalSection(SolutionProperties) = preSolution
		HideSolutionNode = FALSE
	EndGlobalSection
	GlobalSection(ProjectConfigurationPlatforms) = postSolution
		{964B5491-E2B1-430D-97AE-6536FB3A9F22}.Debug|Any CPU.ActiveCfg = Debug|Any CPU
		{964B5491-E2B1-430D-97AE-6536FB3A9F22}.Debug|Any CPU.Build.0 = Debug|Any CPU
		{964B5491-E2B1-430D-97AE-6536FB3A9F22}.Debug|x64.ActiveCfg = Debug|Any CPU
		{964B5491-E2B1-430D-97AE-6536FB3A9F22}.Debug|x64.Build.0 = Debug|Any CPU
		{964B5491-E2B1-430D-97AE-6536FB3A9F22}.Debug|x86.ActiveCfg = Debug|Any CPU
		{964B5491-E2B1-430D-97AE-6536FB3A9F22}.Debug|x86.Build.0 = Debug|Any CPU
		{964B5491-E2B1-430D-97AE-6536FB3A9F22}.Release|Any CPU.ActiveCfg = Release|Any CPU
		{964B5491-E2B1-430D-97AE-6536FB3A9F22}.Release|Any CPU.Build.0 = Release|Any CPU
		{964B5491-E2B1-430D-97AE-6536FB3A9F22}.Release|x64.ActiveCfg = Release|Any CPU
		{964B5491-E2B1-430D-97AE-6536FB3A9F22}.Release|x64.Build.0 = Release|Any CPU
		{964B5491-E2B1-430D-97AE-6536FB3A9F22}.Release|x86.ActiveCfg = Release|Any CPU
		{964B5491-E2B1-430D-97AE-6536FB3A9F22}.Release|x86.Build.0 = Release|Any CPU
		{C50E7D6E-5BA3-4E96-BB95-68872090F71A}.Debug|Any CPU.ActiveCfg = Debug|Any CPU
		{C50E7D6E-5BA3-4E96-BB95-68872090F71A}.Debug|Any CPU.Build.0 = Debug|Any CPU
		{C50E7D6E-5BA3-4E96-BB95-68872090F71A}.Debug|x64.ActiveCfg = Debug|Any CPU
		{C50E7D6E-5BA3-4E96-BB95-68872090F71A}.Debug|x64.Build.0 = Debug|Any CPU
		{C50E7D6E-5BA3-4E96-BB95-68872090F71A}.Debug|x86.ActiveCfg = Debug|Any CPU
		{C50E7D6E-5BA3-4E96-BB95-68872090F71A}.Debug|x86.Build.0 = Debug|Any CPU
		{C50E7D6E-5BA3-4E96-BB95-68872090F71A}.Release|Any CPU.ActiveCfg = Release|Any CPU
		{C50E7D6E-5BA3-4E96-BB95-68872090F71A}.Release|Any CPU.Build.0 = Release|Any CPU
		{C50E7D6E-5BA3-4E96-BB95-68872090F71A}.Release|x64.ActiveCfg = Release|Any CPU
		{C50E7D6E-5BA3-4E96-BB95-68872090F71A}.Release|x64.Build.0 = Release|Any CPU
		{C50E7D6E-5BA3-4E96-BB95-68872090F71A}.Release|x86.ActiveCfg = Release|Any CPU
		{C50E7D6E-5BA3-4E96-BB95-68872090F71A}.Release|x86.Build.0 = Release|Any CPU
		{799D131F-2A83-4E02-9D61-E0E0436BF8BF}.Debug|Any CPU.ActiveCfg = Debug|Any CPU
		{799D131F-2A83-4E02-9D61-E0E0436BF8BF}.Debug|Any CPU.Build.0 = Debug|Any CPU
		{799D131F-2A83-4E02-9D61-E0E0436BF8BF}.Debug|x64.ActiveCfg = Debug|Any CPU
		{799D131F-2A83-4E02-9D61-E0E0436BF8BF}.Debug|x64.Build.0 = Debug|Any CPU
		{799D131F-2A83-4E02-9D61-E0E0436BF8BF}.Debug|x86.ActiveCfg = Debug|Any CPU
		{799D131F-2A83-4E02-9D61-E0E0436BF8BF}.Debug|x86.Build.0 = Debug|Any CPU
		{799D131F-2A83-4E02-9D61-E0E0436BF8BF}.Release|Any CPU.ActiveCfg = Release|Any CPU
		{799D131F-2A83-4E02-9D61-E0E0436BF8BF}.Release|Any CPU.Build.0 = Release|Any CPU
		{799D131F-2A83-4E02-9D61-E0E0436BF8BF}.Release|x64.ActiveCfg = Release|Any CPU
		{799D131F-2A83-4E02-9D61-E0E0436BF8BF}.Release|x64.Build.0 = Release|Any CPU
		{799D131F-2A83-4E02-9D61-E0E0436BF8BF}.Release|x86.ActiveCfg = Release|Any CPU
		{799D131F-2A83-4E02-9D61-E0E0436BF8BF}.Release|x86.Build.0 = Release|Any CPU
		{8F9ADB1F-4914-427B-BC38-DE791D876D90}.Debug|Any CPU.ActiveCfg = Debug|Any CPU
		{8F9ADB1F-4914-427B-BC38-DE791D876D90}.Debug|Any CPU.Build.0 = Debug|Any CPU
		{8F9ADB1F-4914-427B-BC38-DE791D876D90}.Debug|x64.ActiveCfg = Debug|Any CPU
		{8F9ADB1F-4914-427B-BC38-DE791D876D90}.Debug|x64.Build.0 = Debug|Any CPU
		{8F9ADB1F-4914-427B-BC38-DE791D876D90}.Debug|x86.ActiveCfg = Debug|Any CPU
		{8F9ADB1F-4914-427B-BC38-DE791D876D90}.Debug|x86.Build.0 = Debug|Any CPU
		{8F9ADB1F-4914-427B-BC38-DE791D876D90}.Release|Any CPU.ActiveCfg = Release|Any CPU
		{8F9ADB1F-4914-427B-BC38-DE791D876D90}.Release|Any CPU.Build.0 = Release|Any CPU
		{8F9ADB1F-4914-427B-BC38-DE791D876D90}.Release|x64.ActiveCfg = Release|Any CPU
		{8F9ADB1F-4914-427B-BC38-DE791D876D90}.Release|x64.Build.0 = Release|Any CPU
		{8F9ADB1F-4914-427B-BC38-DE791D876D90}.Release|x86.ActiveCfg = Release|Any CPU
		{8F9ADB1F-4914-427B-BC38-DE791D876D90}.Release|x86.Build.0 = Release|Any CPU
		{374A83B9-90F2-4C36-A5F8-98F2FCBCF59C}.Debug|Any CPU.ActiveCfg = Debug|Any CPU
		{374A83B9-90F2-4C36-A5F8-98F2FCBCF59C}.Debug|Any CPU.Build.0 = Debug|Any CPU
		{374A83B9-90F2-4C36-A5F8-98F2FCBCF59C}.Debug|x64.ActiveCfg = Debug|Any CPU
		{374A83B9-90F2-4C36-A5F8-98F2FCBCF59C}.Debug|x64.Build.0 = Debug|Any CPU
		{374A83B9-90F2-4C36-A5F8-98F2FCBCF59C}.Debug|x86.ActiveCfg = Debug|Any CPU
		{374A83B9-90F2-4C36-A5F8-98F2FCBCF59C}.Debug|x86.Build.0 = Debug|Any CPU
		{374A83B9-90F2-4C36-A5F8-98F2FCBCF59C}.Release|Any CPU.ActiveCfg = Release|Any CPU
		{374A83B9-90F2-4C36-A5F8-98F2FCBCF59C}.Release|Any CPU.Build.0 = Release|Any CPU
		{374A83B9-90F2-4C36-A5F8-98F2FCBCF59C}.Release|x64.ActiveCfg = Release|Any CPU
		{374A83B9-90F2-4C36-A5F8-98F2FCBCF59C}.Release|x64.Build.0 = Release|Any CPU
		{374A83B9-90F2-4C36-A5F8-98F2FCBCF59C}.Release|x86.ActiveCfg = Release|Any CPU
		{374A83B9-90F2-4C36-A5F8-98F2FCBCF59C}.Release|x86.Build.0 = Release|Any CPU
		{44B00332-B23B-4A8D-8434-4604143E2E61}.Debug|Any CPU.ActiveCfg = Debug|Any CPU
		{44B00332-B23B-4A8D-8434-4604143E2E61}.Debug|Any CPU.Build.0 = Debug|Any CPU
		{44B00332-B23B-4A8D-8434-4604143E2E61}.Debug|x64.ActiveCfg = Debug|Any CPU
		{44B00332-B23B-4A8D-8434-4604143E2E61}.Debug|x64.Build.0 = Debug|Any CPU
		{44B00332-B23B-4A8D-8434-4604143E2E61}.Debug|x86.ActiveCfg = Debug|Any CPU
		{44B00332-B23B-4A8D-8434-4604143E2E61}.Debug|x86.Build.0 = Debug|Any CPU
		{44B00332-B23B-4A8D-8434-4604143E2E61}.Release|Any CPU.ActiveCfg = Release|Any CPU
		{44B00332-B23B-4A8D-8434-4604143E2E61}.Release|Any CPU.Build.0 = Release|Any CPU
		{44B00332-B23B-4A8D-8434-4604143E2E61}.Release|x64.ActiveCfg = Release|Any CPU
		{44B00332-B23B-4A8D-8434-4604143E2E61}.Release|x64.Build.0 = Release|Any CPU
		{44B00332-B23B-4A8D-8434-4604143E2E61}.Release|x86.ActiveCfg = Release|Any CPU
		{44B00332-B23B-4A8D-8434-4604143E2E61}.Release|x86.Build.0 = Release|Any CPU
		{64F66971-6FB6-481C-96BD-BB2E185CFB62}.Debug|Any CPU.ActiveCfg = Debug|Any CPU
		{64F66971-6FB6-481C-96BD-BB2E185CFB62}.Debug|Any CPU.Build.0 = Debug|Any CPU
		{64F66971-6FB6-481C-96BD-BB2E185CFB62}.Debug|x64.ActiveCfg = Debug|Any CPU
		{64F66971-6FB6-481C-96BD-BB2E185CFB62}.Debug|x64.Build.0 = Debug|Any CPU
		{64F66971-6FB6-481C-96BD-BB2E185CFB62}.Debug|x86.ActiveCfg = Debug|Any CPU
		{64F66971-6FB6-481C-96BD-BB2E185CFB62}.Debug|x86.Build.0 = Debug|Any CPU
		{64F66971-6FB6-481C-96BD-BB2E185CFB62}.Release|Any CPU.ActiveCfg = Release|Any CPU
		{64F66971-6FB6-481C-96BD-BB2E185CFB62}.Release|Any CPU.Build.0 = Release|Any CPU
		{64F66971-6FB6-481C-96BD-BB2E185CFB62}.Release|x64.ActiveCfg = Release|Any CPU
		{64F66971-6FB6-481C-96BD-BB2E185CFB62}.Release|x64.Build.0 = Release|Any CPU
		{64F66971-6FB6-481C-96BD-BB2E185CFB62}.Release|x86.ActiveCfg = Release|Any CPU
		{64F66971-6FB6-481C-96BD-BB2E185CFB62}.Release|x86.Build.0 = Release|Any CPU
		{6FD147E0-514F-41C0-BDF5-5660507B1BFA}.Debug|Any CPU.ActiveCfg = Debug|Any CPU
		{6FD147E0-514F-41C0-BDF5-5660507B1BFA}.Debug|Any CPU.Build.0 = Debug|Any CPU
		{6FD147E0-514F-41C0-BDF5-5660507B1BFA}.Debug|x64.ActiveCfg = Debug|Any CPU
		{6FD147E0-514F-41C0-BDF5-5660507B1BFA}.Debug|x64.Build.0 = Debug|Any CPU
		{6FD147E0-514F-41C0-BDF5-5660507B1BFA}.Debug|x86.ActiveCfg = Debug|Any CPU
		{6FD147E0-514F-41C0-BDF5-5660507B1BFA}.Debug|x86.Build.0 = Debug|Any CPU
		{6FD147E0-514F-41C0-BDF5-5660507B1BFA}.Release|Any CPU.ActiveCfg = Release|Any CPU
		{6FD147E0-514F-41C0-BDF5-5660507B1BFA}.Release|Any CPU.Build.0 = Release|Any CPU
		{6FD147E0-514F-41C0-BDF5-5660507B1BFA}.Release|x64.ActiveCfg = Release|Any CPU
		{6FD147E0-514F-41C0-BDF5-5660507B1BFA}.Release|x64.Build.0 = Release|Any CPU
		{6FD147E0-514F-41C0-BDF5-5660507B1BFA}.Release|x86.ActiveCfg = Release|Any CPU
		{6FD147E0-514F-41C0-BDF5-5660507B1BFA}.Release|x86.Build.0 = Release|Any CPU
		{CDE8A1DE-3B59-4D42-AFA8-C4075AEB2EA5}.Debug|Any CPU.ActiveCfg = Debug|Any CPU
		{CDE8A1DE-3B59-4D42-AFA8-C4075AEB2EA5}.Debug|Any CPU.Build.0 = Debug|Any CPU
		{CDE8A1DE-3B59-4D42-AFA8-C4075AEB2EA5}.Debug|x64.ActiveCfg = Debug|Any CPU
		{CDE8A1DE-3B59-4D42-AFA8-C4075AEB2EA5}.Debug|x64.Build.0 = Debug|Any CPU
		{CDE8A1DE-3B59-4D42-AFA8-C4075AEB2EA5}.Debug|x86.ActiveCfg = Debug|Any CPU
		{CDE8A1DE-3B59-4D42-AFA8-C4075AEB2EA5}.Debug|x86.Build.0 = Debug|Any CPU
		{CDE8A1DE-3B59-4D42-AFA8-C4075AEB2EA5}.Release|Any CPU.ActiveCfg = Release|Any CPU
		{CDE8A1DE-3B59-4D42-AFA8-C4075AEB2EA5}.Release|Any CPU.Build.0 = Release|Any CPU
		{CDE8A1DE-3B59-4D42-AFA8-C4075AEB2EA5}.Release|x64.ActiveCfg = Release|Any CPU
		{CDE8A1DE-3B59-4D42-AFA8-C4075AEB2EA5}.Release|x64.Build.0 = Release|Any CPU
		{CDE8A1DE-3B59-4D42-AFA8-C4075AEB2EA5}.Release|x86.ActiveCfg = Release|Any CPU
		{CDE8A1DE-3B59-4D42-AFA8-C4075AEB2EA5}.Release|x86.Build.0 = Release|Any CPU
		{CEF8BB37-F0EF-4465-939C-F68E7653696E}.Debug|Any CPU.ActiveCfg = Debug|Any CPU
		{CEF8BB37-F0EF-4465-939C-F68E7653696E}.Debug|Any CPU.Build.0 = Debug|Any CPU
		{CEF8BB37-F0EF-4465-939C-F68E7653696E}.Debug|x64.ActiveCfg = Debug|Any CPU
		{CEF8BB37-F0EF-4465-939C-F68E7653696E}.Debug|x64.Build.0 = Debug|Any CPU
		{CEF8BB37-F0EF-4465-939C-F68E7653696E}.Debug|x86.ActiveCfg = Debug|Any CPU
		{CEF8BB37-F0EF-4465-939C-F68E7653696E}.Debug|x86.Build.0 = Debug|Any CPU
		{CEF8BB37-F0EF-4465-939C-F68E7653696E}.Release|Any CPU.ActiveCfg = Release|Any CPU
		{CEF8BB37-F0EF-4465-939C-F68E7653696E}.Release|Any CPU.Build.0 = Release|Any CPU
		{CEF8BB37-F0EF-4465-939C-F68E7653696E}.Release|x64.ActiveCfg = Release|Any CPU
		{CEF8BB37-F0EF-4465-939C-F68E7653696E}.Release|x64.Build.0 = Release|Any CPU
		{CEF8BB37-F0EF-4465-939C-F68E7653696E}.Release|x86.ActiveCfg = Release|Any CPU
		{CEF8BB37-F0EF-4465-939C-F68E7653696E}.Release|x86.Build.0 = Release|Any CPU
		{FF18DAE3-26CB-4735-8D5C-1DFCB0B65D6D}.Debug|Any CPU.ActiveCfg = Debug|Any CPU
		{FF18DAE3-26CB-4735-8D5C-1DFCB0B65D6D}.Debug|Any CPU.Build.0 = Debug|Any CPU
		{FF18DAE3-26CB-4735-8D5C-1DFCB0B65D6D}.Debug|x64.ActiveCfg = Debug|Any CPU
		{FF18DAE3-26CB-4735-8D5C-1DFCB0B65D6D}.Debug|x64.Build.0 = Debug|Any CPU
		{FF18DAE3-26CB-4735-8D5C-1DFCB0B65D6D}.Debug|x86.ActiveCfg = Debug|Any CPU
		{FF18DAE3-26CB-4735-8D5C-1DFCB0B65D6D}.Debug|x86.Build.0 = Debug|Any CPU
		{FF18DAE3-26CB-4735-8D5C-1DFCB0B65D6D}.Release|Any CPU.ActiveCfg = Release|Any CPU
		{FF18DAE3-26CB-4735-8D5C-1DFCB0B65D6D}.Release|Any CPU.Build.0 = Release|Any CPU
		{FF18DAE3-26CB-4735-8D5C-1DFCB0B65D6D}.Release|x64.ActiveCfg = Release|Any CPU
		{FF18DAE3-26CB-4735-8D5C-1DFCB0B65D6D}.Release|x64.Build.0 = Release|Any CPU
		{FF18DAE3-26CB-4735-8D5C-1DFCB0B65D6D}.Release|x86.ActiveCfg = Release|Any CPU
		{FF18DAE3-26CB-4735-8D5C-1DFCB0B65D6D}.Release|x86.Build.0 = Release|Any CPU
		{DB85A47A-305F-4D38-9CF8-482E1B42004F}.Debug|Any CPU.ActiveCfg = Debug|Any CPU
		{DB85A47A-305F-4D38-9CF8-482E1B42004F}.Debug|Any CPU.Build.0 = Debug|Any CPU
		{DB85A47A-305F-4D38-9CF8-482E1B42004F}.Debug|x64.ActiveCfg = Debug|Any CPU
		{DB85A47A-305F-4D38-9CF8-482E1B42004F}.Debug|x64.Build.0 = Debug|Any CPU
		{DB85A47A-305F-4D38-9CF8-482E1B42004F}.Debug|x86.ActiveCfg = Debug|Any CPU
		{DB85A47A-305F-4D38-9CF8-482E1B42004F}.Debug|x86.Build.0 = Debug|Any CPU
		{DB85A47A-305F-4D38-9CF8-482E1B42004F}.Release|Any CPU.ActiveCfg = Release|Any CPU
		{DB85A47A-305F-4D38-9CF8-482E1B42004F}.Release|Any CPU.Build.0 = Release|Any CPU
		{DB85A47A-305F-4D38-9CF8-482E1B42004F}.Release|x64.ActiveCfg = Release|Any CPU
		{DB85A47A-305F-4D38-9CF8-482E1B42004F}.Release|x64.Build.0 = Release|Any CPU
		{DB85A47A-305F-4D38-9CF8-482E1B42004F}.Release|x86.ActiveCfg = Release|Any CPU
		{DB85A47A-305F-4D38-9CF8-482E1B42004F}.Release|x86.Build.0 = Release|Any CPU
		{A1C90D66-31D5-462C-B7FB-C6689B3DE39D}.Debug|Any CPU.ActiveCfg = Debug|Any CPU
		{A1C90D66-31D5-462C-B7FB-C6689B3DE39D}.Debug|Any CPU.Build.0 = Debug|Any CPU
		{A1C90D66-31D5-462C-B7FB-C6689B3DE39D}.Debug|x64.ActiveCfg = Debug|Any CPU
		{A1C90D66-31D5-462C-B7FB-C6689B3DE39D}.Debug|x64.Build.0 = Debug|Any CPU
		{A1C90D66-31D5-462C-B7FB-C6689B3DE39D}.Debug|x86.ActiveCfg = Debug|Any CPU
		{A1C90D66-31D5-462C-B7FB-C6689B3DE39D}.Debug|x86.Build.0 = Debug|Any CPU
		{A1C90D66-31D5-462C-B7FB-C6689B3DE39D}.Release|Any CPU.ActiveCfg = Release|Any CPU
		{A1C90D66-31D5-462C-B7FB-C6689B3DE39D}.Release|Any CPU.Build.0 = Release|Any CPU
		{A1C90D66-31D5-462C-B7FB-C6689B3DE39D}.Release|x64.ActiveCfg = Release|Any CPU
		{A1C90D66-31D5-462C-B7FB-C6689B3DE39D}.Release|x64.Build.0 = Release|Any CPU
		{A1C90D66-31D5-462C-B7FB-C6689B3DE39D}.Release|x86.ActiveCfg = Release|Any CPU
		{A1C90D66-31D5-462C-B7FB-C6689B3DE39D}.Release|x86.Build.0 = Release|Any CPU
		{D54C5289-C6C5-4426-80CA-1C19089B6C0C}.Debug|Any CPU.ActiveCfg = Debug|Any CPU
		{D54C5289-C6C5-4426-80CA-1C19089B6C0C}.Debug|Any CPU.Build.0 = Debug|Any CPU
		{D54C5289-C6C5-4426-80CA-1C19089B6C0C}.Debug|x64.ActiveCfg = Debug|Any CPU
		{D54C5289-C6C5-4426-80CA-1C19089B6C0C}.Debug|x64.Build.0 = Debug|Any CPU
		{D54C5289-C6C5-4426-80CA-1C19089B6C0C}.Debug|x86.ActiveCfg = Debug|Any CPU
		{D54C5289-C6C5-4426-80CA-1C19089B6C0C}.Debug|x86.Build.0 = Debug|Any CPU
		{D54C5289-C6C5-4426-80CA-1C19089B6C0C}.Release|Any CPU.ActiveCfg = Release|Any CPU
		{D54C5289-C6C5-4426-80CA-1C19089B6C0C}.Release|Any CPU.Build.0 = Release|Any CPU
		{D54C5289-C6C5-4426-80CA-1C19089B6C0C}.Release|x64.ActiveCfg = Release|Any CPU
		{D54C5289-C6C5-4426-80CA-1C19089B6C0C}.Release|x64.Build.0 = Release|Any CPU
		{D54C5289-C6C5-4426-80CA-1C19089B6C0C}.Release|x86.ActiveCfg = Release|Any CPU
		{D54C5289-C6C5-4426-80CA-1C19089B6C0C}.Release|x86.Build.0 = Release|Any CPU
		{25E36EB3-4256-4E27-9CE6-925869565CAA}.Debug|Any CPU.ActiveCfg = Debug|Any CPU
		{25E36EB3-4256-4E27-9CE6-925869565CAA}.Debug|Any CPU.Build.0 = Debug|Any CPU
		{25E36EB3-4256-4E27-9CE6-925869565CAA}.Debug|x64.ActiveCfg = Debug|Any CPU
		{25E36EB3-4256-4E27-9CE6-925869565CAA}.Debug|x64.Build.0 = Debug|Any CPU
		{25E36EB3-4256-4E27-9CE6-925869565CAA}.Debug|x86.ActiveCfg = Debug|Any CPU
		{25E36EB3-4256-4E27-9CE6-925869565CAA}.Debug|x86.Build.0 = Debug|Any CPU
		{25E36EB3-4256-4E27-9CE6-925869565CAA}.Release|Any CPU.ActiveCfg = Release|Any CPU
		{25E36EB3-4256-4E27-9CE6-925869565CAA}.Release|Any CPU.Build.0 = Release|Any CPU
		{25E36EB3-4256-4E27-9CE6-925869565CAA}.Release|x64.ActiveCfg = Release|Any CPU
		{25E36EB3-4256-4E27-9CE6-925869565CAA}.Release|x64.Build.0 = Release|Any CPU
		{25E36EB3-4256-4E27-9CE6-925869565CAA}.Release|x86.ActiveCfg = Release|Any CPU
		{25E36EB3-4256-4E27-9CE6-925869565CAA}.Release|x86.Build.0 = Release|Any CPU
		{AA251257-0144-484F-B013-4E948C70EBF9}.Debug|Any CPU.ActiveCfg = Debug|Any CPU
		{AA251257-0144-484F-B013-4E948C70EBF9}.Debug|Any CPU.Build.0 = Debug|Any CPU
		{AA251257-0144-484F-B013-4E948C70EBF9}.Debug|x64.ActiveCfg = Debug|Any CPU
		{AA251257-0144-484F-B013-4E948C70EBF9}.Debug|x64.Build.0 = Debug|Any CPU
		{AA251257-0144-484F-B013-4E948C70EBF9}.Debug|x86.ActiveCfg = Debug|Any CPU
		{AA251257-0144-484F-B013-4E948C70EBF9}.Debug|x86.Build.0 = Debug|Any CPU
		{AA251257-0144-484F-B013-4E948C70EBF9}.Release|Any CPU.ActiveCfg = Release|Any CPU
		{AA251257-0144-484F-B013-4E948C70EBF9}.Release|Any CPU.Build.0 = Release|Any CPU
		{AA251257-0144-484F-B013-4E948C70EBF9}.Release|x64.ActiveCfg = Release|Any CPU
		{AA251257-0144-484F-B013-4E948C70EBF9}.Release|x64.Build.0 = Release|Any CPU
		{AA251257-0144-484F-B013-4E948C70EBF9}.Release|x86.ActiveCfg = Release|Any CPU
		{AA251257-0144-484F-B013-4E948C70EBF9}.Release|x86.Build.0 = Release|Any CPU
	EndGlobalSection
EndGlobal
